// !$*UTF8*$!
{
	archiveVersion = 1;
	classes = {
	};
	objectVersion = 56;
	objects = {

/* Begin PBXBuildFile section */
		BE36CF8E2BAFF5890017F94E /* AppDelegate.swift in Sources */ = {isa = PBXBuildFile; fileRef = BE36CF8D2BAFF5890017F94E /* AppDelegate.swift */; };
		BE36CF902BAFF5890017F94E /* SceneDelegate.swift in Sources */ = {isa = PBXBuildFile; fileRef = BE36CF8F2BAFF5890017F94E /* SceneDelegate.swift */; };
		BE36CF922BAFF5890017F94E /* ViewController.swift in Sources */ = {isa = PBXBuildFile; fileRef = BE36CF912BAFF5890017F94E /* ViewController.swift */; };
		BE36CF952BAFF5890017F94E /* Main.storyboard in Resources */ = {isa = PBXBuildFile; fileRef = BE36CF932BAFF5890017F94E /* Main.storyboard */; };
		BE36CF972BAFF58A0017F94E /* Assets.xcassets in Resources */ = {isa = PBXBuildFile; fileRef = BE36CF962BAFF58A0017F94E /* Assets.xcassets */; };
		BE36CF9A2BAFF58A0017F94E /* LaunchScreen.storyboard in Resources */ = {isa = PBXBuildFile; fileRef = BE36CF982BAFF58A0017F94E /* LaunchScreen.storyboard */; };
		BE36CFA52BAFF58A0017F94E /* TTOONTests.swift in Sources */ = {isa = PBXBuildFile; fileRef = BE36CFA42BAFF58A0017F94E /* TTOONTests.swift */; };
		BE36CFAF2BAFF58A0017F94E /* TTOONUITests.swift in Sources */ = {isa = PBXBuildFile; fileRef = BE36CFAE2BAFF58A0017F94E /* TTOONUITests.swift */; };
		BE36CFB12BAFF58A0017F94E /* TTOONUITestsLaunchTests.swift in Sources */ = {isa = PBXBuildFile; fileRef = BE36CFB02BAFF58A0017F94E /* TTOONUITestsLaunchTests.swift */; };
		BEDF4E4D2BB709770034FF79 /* Stag.xcconfig in Resources */ = {isa = PBXBuildFile; fileRef = BEDF4E4A2BB709770034FF79 /* Stag.xcconfig */; };
		BEDF4E4E2BB709770034FF79 /* Dev.xcconfig in Resources */ = {isa = PBXBuildFile; fileRef = BEDF4E4B2BB709770034FF79 /* Dev.xcconfig */; };
		BEDF4E4F2BB709770034FF79 /* Prod.xcconfig in Resources */ = {isa = PBXBuildFile; fileRef = BEDF4E4C2BB709770034FF79 /* Prod.xcconfig */; };
		BEDF4E512BB70A0C0034FF79 /* .gitignore in Resources */ = {isa = PBXBuildFile; fileRef = BEDF4E502BB70A0C0034FF79 /* .gitignore */; };
/* End PBXBuildFile section */

/* Begin PBXContainerItemProxy section */
		BE36CFA12BAFF58A0017F94E /* PBXContainerItemProxy */ = {
			isa = PBXContainerItemProxy;
			containerPortal = BE36CF822BAFF5890017F94E /* Project object */;
			proxyType = 1;
			remoteGlobalIDString = BE36CF892BAFF5890017F94E;
			remoteInfo = TTOON;
		};
		BE36CFAB2BAFF58A0017F94E /* PBXContainerItemProxy */ = {
			isa = PBXContainerItemProxy;
			containerPortal = BE36CF822BAFF5890017F94E /* Project object */;
			proxyType = 1;
			remoteGlobalIDString = BE36CF892BAFF5890017F94E;
			remoteInfo = TTOON;
		};
/* End PBXContainerItemProxy section */

/* Begin PBXFileReference section */
		BE36CF8A2BAFF5890017F94E /* TTOON.app */ = {isa = PBXFileReference; explicitFileType = wrapper.application; includeInIndex = 0; path = TTOON.app; sourceTree = BUILT_PRODUCTS_DIR; };
		BE36CF8D2BAFF5890017F94E /* AppDelegate.swift */ = {isa = PBXFileReference; lastKnownFileType = sourcecode.swift; path = AppDelegate.swift; sourceTree = "<group>"; };
		BE36CF8F2BAFF5890017F94E /* SceneDelegate.swift */ = {isa = PBXFileReference; lastKnownFileType = sourcecode.swift; path = SceneDelegate.swift; sourceTree = "<group>"; };
		BE36CF912BAFF5890017F94E /* ViewController.swift */ = {isa = PBXFileReference; lastKnownFileType = sourcecode.swift; path = ViewController.swift; sourceTree = "<group>"; };
		BE36CF942BAFF5890017F94E /* Base */ = {isa = PBXFileReference; lastKnownFileType = file.storyboard; name = Base; path = Base.lproj/Main.storyboard; sourceTree = "<group>"; };
		BE36CF962BAFF58A0017F94E /* Assets.xcassets */ = {isa = PBXFileReference; lastKnownFileType = folder.assetcatalog; path = Assets.xcassets; sourceTree = "<group>"; };
		BE36CF992BAFF58A0017F94E /* Base */ = {isa = PBXFileReference; lastKnownFileType = file.storyboard; name = Base; path = Base.lproj/LaunchScreen.storyboard; sourceTree = "<group>"; };
		BE36CF9B2BAFF58A0017F94E /* Info.plist */ = {isa = PBXFileReference; lastKnownFileType = text.plist.xml; path = Info.plist; sourceTree = "<group>"; };
		BE36CFA02BAFF58A0017F94E /* TTOONTests.xctest */ = {isa = PBXFileReference; explicitFileType = wrapper.cfbundle; includeInIndex = 0; path = TTOONTests.xctest; sourceTree = BUILT_PRODUCTS_DIR; };
		BE36CFA42BAFF58A0017F94E /* TTOONTests.swift */ = {isa = PBXFileReference; lastKnownFileType = sourcecode.swift; path = TTOONTests.swift; sourceTree = "<group>"; };
		BE36CFAA2BAFF58A0017F94E /* TTOONUITests.xctest */ = {isa = PBXFileReference; explicitFileType = wrapper.cfbundle; includeInIndex = 0; path = TTOONUITests.xctest; sourceTree = BUILT_PRODUCTS_DIR; };
		BE36CFAE2BAFF58A0017F94E /* TTOONUITests.swift */ = {isa = PBXFileReference; lastKnownFileType = sourcecode.swift; path = TTOONUITests.swift; sourceTree = "<group>"; };
		BE36CFB02BAFF58A0017F94E /* TTOONUITestsLaunchTests.swift */ = {isa = PBXFileReference; lastKnownFileType = sourcecode.swift; path = TTOONUITestsLaunchTests.swift; sourceTree = "<group>"; };
		BEDF4E4A2BB709770034FF79 /* Stag.xcconfig */ = {isa = PBXFileReference; fileEncoding = 4; lastKnownFileType = text.xcconfig; path = Stag.xcconfig; sourceTree = "<group>"; };
		BEDF4E4B2BB709770034FF79 /* Dev.xcconfig */ = {isa = PBXFileReference; fileEncoding = 4; lastKnownFileType = text.xcconfig; path = Dev.xcconfig; sourceTree = "<group>"; };
		BEDF4E4C2BB709770034FF79 /* Prod.xcconfig */ = {isa = PBXFileReference; fileEncoding = 4; lastKnownFileType = text.xcconfig; path = Prod.xcconfig; sourceTree = "<group>"; };
		BEDF4E502BB70A0C0034FF79 /* .gitignore */ = {isa = PBXFileReference; fileEncoding = 4; lastKnownFileType = text; path = .gitignore; sourceTree = "<group>"; };
/* End PBXFileReference section */

/* Begin PBXFrameworksBuildPhase section */
		BE36CF872BAFF5890017F94E /* Frameworks */ = {
			isa = PBXFrameworksBuildPhase;
			buildActionMask = 2147483647;
			files = (
			);
			runOnlyForDeploymentPostprocessing = 0;
		};
		BE36CF9D2BAFF58A0017F94E /* Frameworks */ = {
			isa = PBXFrameworksBuildPhase;
			buildActionMask = 2147483647;
			files = (
			);
			runOnlyForDeploymentPostprocessing = 0;
		};
		BE36CFA72BAFF58A0017F94E /* Frameworks */ = {
			isa = PBXFrameworksBuildPhase;
			buildActionMask = 2147483647;
			files = (
			);
			runOnlyForDeploymentPostprocessing = 0;
		};
/* End PBXFrameworksBuildPhase section */

/* Begin PBXGroup section */
		BE36CF812BAFF5890017F94E = {
			isa = PBXGroup;
			children = (
				BEDF4E502BB70A0C0034FF79 /* .gitignore */,
				BE36CF8C2BAFF5890017F94E /* TTOON */,
				BE36CFA32BAFF58A0017F94E /* TTOONTests */,
				BE36CFAD2BAFF58A0017F94E /* TTOONUITests */,
				BE36CF8B2BAFF5890017F94E /* Products */,
			);
			sourceTree = "<group>";
		};
		BE36CF8B2BAFF5890017F94E /* Products */ = {
			isa = PBXGroup;
			children = (
				BE36CF8A2BAFF5890017F94E /* TTOON.app */,
				BE36CFA02BAFF58A0017F94E /* TTOONTests.xctest */,
				BE36CFAA2BAFF58A0017F94E /* TTOONUITests.xctest */,
			);
			name = Products;
			sourceTree = "<group>";
		};
		BE36CF8C2BAFF5890017F94E /* TTOON */ = {
			isa = PBXGroup;
			children = (
				BEDF4E492BB709770034FF79 /* Config */,
				BE36CF8D2BAFF5890017F94E /* AppDelegate.swift */,
				BE36CF8F2BAFF5890017F94E /* SceneDelegate.swift */,
				BE36CF912BAFF5890017F94E /* ViewController.swift */,
				BE36CF932BAFF5890017F94E /* Main.storyboard */,
				BE36CF962BAFF58A0017F94E /* Assets.xcassets */,
				BE36CF982BAFF58A0017F94E /* LaunchScreen.storyboard */,
				BE36CF9B2BAFF58A0017F94E /* Info.plist */,
			);
			path = TTOON;
			sourceTree = "<group>";
		};
		BE36CFA32BAFF58A0017F94E /* TTOONTests */ = {
			isa = PBXGroup;
			children = (
				BE36CFA42BAFF58A0017F94E /* TTOONTests.swift */,
			);
			path = TTOONTests;
			sourceTree = "<group>";
		};
		BE36CFAD2BAFF58A0017F94E /* TTOONUITests */ = {
			isa = PBXGroup;
			children = (
				BE36CFAE2BAFF58A0017F94E /* TTOONUITests.swift */,
				BE36CFB02BAFF58A0017F94E /* TTOONUITestsLaunchTests.swift */,
			);
			path = TTOONUITests;
			sourceTree = "<group>";
		};
		BEDF4E492BB709770034FF79 /* Config */ = {
			isa = PBXGroup;
			children = (
				BEDF4E4A2BB709770034FF79 /* Stag.xcconfig */,
				BEDF4E4B2BB709770034FF79 /* Dev.xcconfig */,
				BEDF4E4C2BB709770034FF79 /* Prod.xcconfig */,
			);
			path = Config;
			sourceTree = "<group>";
		};
/* End PBXGroup section */

/* Begin PBXNativeTarget section */
		BE36CF892BAFF5890017F94E /* TTOON */ = {
			isa = PBXNativeTarget;
			buildConfigurationList = BE36CFB42BAFF58A0017F94E /* Build configuration list for PBXNativeTarget "TTOON" */;
			buildPhases = (
				BE36CF862BAFF5890017F94E /* Sources */,
				BE36CF872BAFF5890017F94E /* Frameworks */,
				BE36CF882BAFF5890017F94E /* Resources */,
			);
			buildRules = (
			);
			dependencies = (
			);
			name = TTOON;
			productName = TTOON;
			productReference = BE36CF8A2BAFF5890017F94E /* TTOON.app */;
			productType = "com.apple.product-type.application";
		};
		BE36CF9F2BAFF58A0017F94E /* TTOONTests */ = {
			isa = PBXNativeTarget;
			buildConfigurationList = BE36CFB72BAFF58A0017F94E /* Build configuration list for PBXNativeTarget "TTOONTests" */;
			buildPhases = (
				BE36CF9C2BAFF58A0017F94E /* Sources */,
				BE36CF9D2BAFF58A0017F94E /* Frameworks */,
				BE36CF9E2BAFF58A0017F94E /* Resources */,
			);
			buildRules = (
			);
			dependencies = (
				BE36CFA22BAFF58A0017F94E /* PBXTargetDependency */,
			);
			name = TTOONTests;
			productName = TTOONTests;
			productReference = BE36CFA02BAFF58A0017F94E /* TTOONTests.xctest */;
			productType = "com.apple.product-type.bundle.unit-test";
		};
		BE36CFA92BAFF58A0017F94E /* TTOONUITests */ = {
			isa = PBXNativeTarget;
			buildConfigurationList = BE36CFBA2BAFF58A0017F94E /* Build configuration list for PBXNativeTarget "TTOONUITests" */;
			buildPhases = (
				BE36CFA62BAFF58A0017F94E /* Sources */,
				BE36CFA72BAFF58A0017F94E /* Frameworks */,
				BE36CFA82BAFF58A0017F94E /* Resources */,
			);
			buildRules = (
			);
			dependencies = (
				BE36CFAC2BAFF58A0017F94E /* PBXTargetDependency */,
			);
			name = TTOONUITests;
			productName = TTOONUITests;
			productReference = BE36CFAA2BAFF58A0017F94E /* TTOONUITests.xctest */;
			productType = "com.apple.product-type.bundle.ui-testing";
		};
/* End PBXNativeTarget section */

/* Begin PBXProject section */
		BE36CF822BAFF5890017F94E /* Project object */ = {
			isa = PBXProject;
			attributes = {
				BuildIndependentTargetsInParallel = 1;
				LastSwiftUpdateCheck = 1520;
				LastUpgradeCheck = 1520;
				TargetAttributes = {
					BE36CF892BAFF5890017F94E = {
						CreatedOnToolsVersion = 15.2;
					};
					BE36CF9F2BAFF58A0017F94E = {
						CreatedOnToolsVersion = 15.2;
						TestTargetID = BE36CF892BAFF5890017F94E;
					};
					BE36CFA92BAFF58A0017F94E = {
						CreatedOnToolsVersion = 15.2;
						TestTargetID = BE36CF892BAFF5890017F94E;
					};
				};
			};
			buildConfigurationList = BE36CF852BAFF5890017F94E /* Build configuration list for PBXProject "TTOON" */;
			compatibilityVersion = "Xcode 14.0";
			developmentRegion = en;
			hasScannedForEncodings = 0;
			knownRegions = (
				en,
				Base,
			);
			mainGroup = BE36CF812BAFF5890017F94E;
			productRefGroup = BE36CF8B2BAFF5890017F94E /* Products */;
			projectDirPath = "";
			projectRoot = "";
			targets = (
				BE36CF892BAFF5890017F94E /* TTOON */,
				BE36CF9F2BAFF58A0017F94E /* TTOONTests */,
				BE36CFA92BAFF58A0017F94E /* TTOONUITests */,
			);
		};
/* End PBXProject section */

/* Begin PBXResourcesBuildPhase section */
		BE36CF882BAFF5890017F94E /* Resources */ = {
			isa = PBXResourcesBuildPhase;
			buildActionMask = 2147483647;
			files = (
				BE36CF9A2BAFF58A0017F94E /* LaunchScreen.storyboard in Resources */,
				BEDF4E512BB70A0C0034FF79 /* .gitignore in Resources */,
				BEDF4E4F2BB709770034FF79 /* Prod.xcconfig in Resources */,
				BE36CF972BAFF58A0017F94E /* Assets.xcassets in Resources */,
				BEDF4E4E2BB709770034FF79 /* Dev.xcconfig in Resources */,
				BE36CF952BAFF5890017F94E /* Main.storyboard in Resources */,
				BEDF4E4D2BB709770034FF79 /* Stag.xcconfig in Resources */,
			);
			runOnlyForDeploymentPostprocessing = 0;
		};
		BE36CF9E2BAFF58A0017F94E /* Resources */ = {
			isa = PBXResourcesBuildPhase;
			buildActionMask = 2147483647;
			files = (
			);
			runOnlyForDeploymentPostprocessing = 0;
		};
		BE36CFA82BAFF58A0017F94E /* Resources */ = {
			isa = PBXResourcesBuildPhase;
			buildActionMask = 2147483647;
			files = (
			);
			runOnlyForDeploymentPostprocessing = 0;
		};
/* End PBXResourcesBuildPhase section */

/* Begin PBXSourcesBuildPhase section */
		BE36CF862BAFF5890017F94E /* Sources */ = {
			isa = PBXSourcesBuildPhase;
			buildActionMask = 2147483647;
			files = (
				BE36CF922BAFF5890017F94E /* ViewController.swift in Sources */,
				BE36CF8E2BAFF5890017F94E /* AppDelegate.swift in Sources */,
				BE36CF902BAFF5890017F94E /* SceneDelegate.swift in Sources */,
			);
			runOnlyForDeploymentPostprocessing = 0;
		};
		BE36CF9C2BAFF58A0017F94E /* Sources */ = {
			isa = PBXSourcesBuildPhase;
			buildActionMask = 2147483647;
			files = (
				BE36CFA52BAFF58A0017F94E /* TTOONTests.swift in Sources */,
			);
			runOnlyForDeploymentPostprocessing = 0;
		};
		BE36CFA62BAFF58A0017F94E /* Sources */ = {
			isa = PBXSourcesBuildPhase;
			buildActionMask = 2147483647;
			files = (
				BE36CFAF2BAFF58A0017F94E /* TTOONUITests.swift in Sources */,
				BE36CFB12BAFF58A0017F94E /* TTOONUITestsLaunchTests.swift in Sources */,
			);
			runOnlyForDeploymentPostprocessing = 0;
		};
/* End PBXSourcesBuildPhase section */

/* Begin PBXTargetDependency section */
		BE36CFA22BAFF58A0017F94E /* PBXTargetDependency */ = {
			isa = PBXTargetDependency;
			target = BE36CF892BAFF5890017F94E /* TTOON */;
			targetProxy = BE36CFA12BAFF58A0017F94E /* PBXContainerItemProxy */;
		};
		BE36CFAC2BAFF58A0017F94E /* PBXTargetDependency */ = {
			isa = PBXTargetDependency;
			target = BE36CF892BAFF5890017F94E /* TTOON */;
			targetProxy = BE36CFAB2BAFF58A0017F94E /* PBXContainerItemProxy */;
		};
/* End PBXTargetDependency section */

/* Begin PBXVariantGroup section */
		BE36CF932BAFF5890017F94E /* Main.storyboard */ = {
			isa = PBXVariantGroup;
			children = (
				BE36CF942BAFF5890017F94E /* Base */,
			);
			name = Main.storyboard;
			sourceTree = "<group>";
		};
		BE36CF982BAFF58A0017F94E /* LaunchScreen.storyboard */ = {
			isa = PBXVariantGroup;
			children = (
				BE36CF992BAFF58A0017F94E /* Base */,
			);
			name = LaunchScreen.storyboard;
			sourceTree = "<group>";
		};
/* End PBXVariantGroup section */

/* Begin XCBuildConfiguration section */
		BE36CFB22BAFF58A0017F94E /* Debug */ = {
			isa = XCBuildConfiguration;
			buildSettings = {
				ALWAYS_SEARCH_USER_PATHS = NO;
				ASSETCATALOG_COMPILER_GENERATE_SWIFT_ASSET_SYMBOL_EXTENSIONS = YES;
				CLANG_ANALYZER_NONNULL = YES;
				CLANG_ANALYZER_NUMBER_OBJECT_CONVERSION = YES_AGGRESSIVE;
				CLANG_CXX_LANGUAGE_STANDARD = "gnu++20";
				CLANG_ENABLE_MODULES = YES;
				CLANG_ENABLE_OBJC_ARC = YES;
				CLANG_ENABLE_OBJC_WEAK = YES;
				CLANG_WARN_BLOCK_CAPTURE_AUTORELEASING = YES;
				CLANG_WARN_BOOL_CONVERSION = YES;
				CLANG_WARN_COMMA = YES;
				CLANG_WARN_CONSTANT_CONVERSION = YES;
				CLANG_WARN_DEPRECATED_OBJC_IMPLEMENTATIONS = YES;
				CLANG_WARN_DIRECT_OBJC_ISA_USAGE = YES_ERROR;
				CLANG_WARN_DOCUMENTATION_COMMENTS = YES;
				CLANG_WARN_EMPTY_BODY = YES;
				CLANG_WARN_ENUM_CONVERSION = YES;
				CLANG_WARN_INFINITE_RECURSION = YES;
				CLANG_WARN_INT_CONVERSION = YES;
				CLANG_WARN_NON_LITERAL_NULL_CONVERSION = YES;
				CLANG_WARN_OBJC_IMPLICIT_RETAIN_SELF = YES;
				CLANG_WARN_OBJC_LITERAL_CONVERSION = YES;
				CLANG_WARN_OBJC_ROOT_CLASS = YES_ERROR;
				CLANG_WARN_QUOTED_INCLUDE_IN_FRAMEWORK_HEADER = YES;
				CLANG_WARN_RANGE_LOOP_ANALYSIS = YES;
				CLANG_WARN_STRICT_PROTOTYPES = YES;
				CLANG_WARN_SUSPICIOUS_MOVE = YES;
				CLANG_WARN_UNGUARDED_AVAILABILITY = YES_AGGRESSIVE;
				CLANG_WARN_UNREACHABLE_CODE = YES;
				CLANG_WARN__DUPLICATE_METHOD_MATCH = YES;
				COPY_PHASE_STRIP = NO;
				DEBUG_INFORMATION_FORMAT = dwarf;
				ENABLE_STRICT_OBJC_MSGSEND = YES;
				ENABLE_TESTABILITY = YES;
				ENABLE_USER_SCRIPT_SANDBOXING = YES;
				GCC_C_LANGUAGE_STANDARD = gnu17;
				GCC_DYNAMIC_NO_PIC = NO;
				GCC_NO_COMMON_BLOCKS = YES;
				GCC_OPTIMIZATION_LEVEL = 0;
				GCC_PREPROCESSOR_DEFINITIONS = (
					"DEBUG=1",
					"$(inherited)",
				);
				GCC_WARN_64_TO_32_BIT_CONVERSION = YES;
				GCC_WARN_ABOUT_RETURN_TYPE = YES_ERROR;
				GCC_WARN_UNDECLARED_SELECTOR = YES;
				GCC_WARN_UNINITIALIZED_AUTOS = YES_AGGRESSIVE;
				GCC_WARN_UNUSED_FUNCTION = YES;
				GCC_WARN_UNUSED_VARIABLE = YES;
				IPHONEOS_DEPLOYMENT_TARGET = 17.2;
				LOCALIZATION_PREFERS_STRING_CATALOGS = YES;
				MTL_ENABLE_DEBUG_INFO = INCLUDE_SOURCE;
				MTL_FAST_MATH = YES;
				ONLY_ACTIVE_ARCH = YES;
				SDKROOT = iphoneos;
				SWIFT_ACTIVE_COMPILATION_CONDITIONS = "DEBUG $(inherited)";
				SWIFT_OPTIMIZATION_LEVEL = "-Onone";
			};
			name = Debug;
		};
		BE36CFB32BAFF58A0017F94E /* Release */ = {
			isa = XCBuildConfiguration;
			buildSettings = {
				ALWAYS_SEARCH_USER_PATHS = NO;
				ASSETCATALOG_COMPILER_GENERATE_SWIFT_ASSET_SYMBOL_EXTENSIONS = YES;
				CLANG_ANALYZER_NONNULL = YES;
				CLANG_ANALYZER_NUMBER_OBJECT_CONVERSION = YES_AGGRESSIVE;
				CLANG_CXX_LANGUAGE_STANDARD = "gnu++20";
				CLANG_ENABLE_MODULES = YES;
				CLANG_ENABLE_OBJC_ARC = YES;
				CLANG_ENABLE_OBJC_WEAK = YES;
				CLANG_WARN_BLOCK_CAPTURE_AUTORELEASING = YES;
				CLANG_WARN_BOOL_CONVERSION = YES;
				CLANG_WARN_COMMA = YES;
				CLANG_WARN_CONSTANT_CONVERSION = YES;
				CLANG_WARN_DEPRECATED_OBJC_IMPLEMENTATIONS = YES;
				CLANG_WARN_DIRECT_OBJC_ISA_USAGE = YES_ERROR;
				CLANG_WARN_DOCUMENTATION_COMMENTS = YES;
				CLANG_WARN_EMPTY_BODY = YES;
				CLANG_WARN_ENUM_CONVERSION = YES;
				CLANG_WARN_INFINITE_RECURSION = YES;
				CLANG_WARN_INT_CONVERSION = YES;
				CLANG_WARN_NON_LITERAL_NULL_CONVERSION = YES;
				CLANG_WARN_OBJC_IMPLICIT_RETAIN_SELF = YES;
				CLANG_WARN_OBJC_LITERAL_CONVERSION = YES;
				CLANG_WARN_OBJC_ROOT_CLASS = YES_ERROR;
				CLANG_WARN_QUOTED_INCLUDE_IN_FRAMEWORK_HEADER = YES;
				CLANG_WARN_RANGE_LOOP_ANALYSIS = YES;
				CLANG_WARN_STRICT_PROTOTYPES = YES;
				CLANG_WARN_SUSPICIOUS_MOVE = YES;
				CLANG_WARN_UNGUARDED_AVAILABILITY = YES_AGGRESSIVE;
				CLANG_WARN_UNREACHABLE_CODE = YES;
				CLANG_WARN__DUPLICATE_METHOD_MATCH = YES;
				COPY_PHASE_STRIP = NO;
				DEBUG_INFORMATION_FORMAT = "dwarf-with-dsym";
				ENABLE_NS_ASSERTIONS = NO;
				ENABLE_STRICT_OBJC_MSGSEND = YES;
				ENABLE_USER_SCRIPT_SANDBOXING = YES;
				GCC_C_LANGUAGE_STANDARD = gnu17;
				GCC_NO_COMMON_BLOCKS = YES;
				GCC_WARN_64_TO_32_BIT_CONVERSION = YES;
				GCC_WARN_ABOUT_RETURN_TYPE = YES_ERROR;
				GCC_WARN_UNDECLARED_SELECTOR = YES;
				GCC_WARN_UNINITIALIZED_AUTOS = YES_AGGRESSIVE;
				GCC_WARN_UNUSED_FUNCTION = YES;
				GCC_WARN_UNUSED_VARIABLE = YES;
				IPHONEOS_DEPLOYMENT_TARGET = 17.2;
				LOCALIZATION_PREFERS_STRING_CATALOGS = YES;
				MTL_ENABLE_DEBUG_INFO = NO;
				MTL_FAST_MATH = YES;
				SDKROOT = iphoneos;
				SWIFT_COMPILATION_MODE = wholemodule;
				VALIDATE_PRODUCT = YES;
			};
			name = Release;
		};
		BE36CFB52BAFF58A0017F94E /* Debug */ = {
			isa = XCBuildConfiguration;
			buildSettings = {
				ASSETCATALOG_COMPILER_APPICON_NAME = AppIcon;
				ASSETCATALOG_COMPILER_GLOBAL_ACCENT_COLOR_NAME = AccentColor;
				CODE_SIGN_STYLE = Automatic;
				CURRENT_PROJECT_VERSION = 1;
				GENERATE_INFOPLIST_FILE = YES;
				INFOPLIST_FILE = TTOON/Info.plist;
				INFOPLIST_KEY_UIApplicationSupportsIndirectInputEvents = YES;
				INFOPLIST_KEY_UILaunchStoryboardName = LaunchScreen;
				INFOPLIST_KEY_UIMainStoryboardFile = Main;
				INFOPLIST_KEY_UISupportedInterfaceOrientations_iPad = "UIInterfaceOrientationPortrait UIInterfaceOrientationPortraitUpsideDown UIInterfaceOrientationLandscapeLeft UIInterfaceOrientationLandscapeRight";
				INFOPLIST_KEY_UISupportedInterfaceOrientations_iPhone = "UIInterfaceOrientationPortrait UIInterfaceOrientationLandscapeLeft UIInterfaceOrientationLandscapeRight";
				LD_RUNPATH_SEARCH_PATHS = (
					"$(inherited)",
					"@executable_path/Frameworks",
				);
				MARKETING_VERSION = 1.0;
				PRODUCT_BUNDLE_IDENTIFIER = com.TTOON;
				PRODUCT_NAME = "$(TARGET_NAME)";
				SWIFT_EMIT_LOC_STRINGS = YES;
				SWIFT_VERSION = 5.0;
				TARGETED_DEVICE_FAMILY = "1,2";
			};
			name = Debug;
		};
		BE36CFB62BAFF58A0017F94E /* Release */ = {
			isa = XCBuildConfiguration;
			buildSettings = {
				ASSETCATALOG_COMPILER_APPICON_NAME = AppIcon;
				ASSETCATALOG_COMPILER_GLOBAL_ACCENT_COLOR_NAME = AccentColor;
				CODE_SIGN_STYLE = Automatic;
				CURRENT_PROJECT_VERSION = 1;
				GENERATE_INFOPLIST_FILE = YES;
				INFOPLIST_FILE = TTOON/Info.plist;
				INFOPLIST_KEY_UIApplicationSupportsIndirectInputEvents = YES;
				INFOPLIST_KEY_UILaunchStoryboardName = LaunchScreen;
				INFOPLIST_KEY_UIMainStoryboardFile = Main;
				INFOPLIST_KEY_UISupportedInterfaceOrientations_iPad = "UIInterfaceOrientationPortrait UIInterfaceOrientationPortraitUpsideDown UIInterfaceOrientationLandscapeLeft UIInterfaceOrientationLandscapeRight";
				INFOPLIST_KEY_UISupportedInterfaceOrientations_iPhone = "UIInterfaceOrientationPortrait UIInterfaceOrientationLandscapeLeft UIInterfaceOrientationLandscapeRight";
				LD_RUNPATH_SEARCH_PATHS = (
					"$(inherited)",
					"@executable_path/Frameworks",
				);
				MARKETING_VERSION = 1.0;
				PRODUCT_BUNDLE_IDENTIFIER = com.TTOON;
				PRODUCT_NAME = "$(TARGET_NAME)";
				SWIFT_EMIT_LOC_STRINGS = YES;
				SWIFT_VERSION = 5.0;
				TARGETED_DEVICE_FAMILY = "1,2";
			};
			name = Release;
		};
		BE36CFB82BAFF58A0017F94E /* Debug */ = {
			isa = XCBuildConfiguration;
			buildSettings = {
				ALWAYS_EMBED_SWIFT_STANDARD_LIBRARIES = YES;
				BUNDLE_LOADER = "$(TEST_HOST)";
				CODE_SIGN_STYLE = Automatic;
				CURRENT_PROJECT_VERSION = 1;
				GENERATE_INFOPLIST_FILE = YES;
				IPHONEOS_DEPLOYMENT_TARGET = 17.2;
				MARKETING_VERSION = 1.0;
				PRODUCT_BUNDLE_IDENTIFIER = com.TTOONTests;
				PRODUCT_NAME = "$(TARGET_NAME)";
				SWIFT_EMIT_LOC_STRINGS = NO;
				SWIFT_VERSION = 5.0;
				TARGETED_DEVICE_FAMILY = "1,2";
				TEST_HOST = "$(BUILT_PRODUCTS_DIR)/TTOON.app/$(BUNDLE_EXECUTABLE_FOLDER_PATH)/TTOON";
			};
			name = Debug;
		};
		BE36CFB92BAFF58A0017F94E /* Release */ = {
			isa = XCBuildConfiguration;
			buildSettings = {
				ALWAYS_EMBED_SWIFT_STANDARD_LIBRARIES = YES;
				BUNDLE_LOADER = "$(TEST_HOST)";
				CODE_SIGN_STYLE = Automatic;
				CURRENT_PROJECT_VERSION = 1;
				GENERATE_INFOPLIST_FILE = YES;
				IPHONEOS_DEPLOYMENT_TARGET = 17.2;
				MARKETING_VERSION = 1.0;
				PRODUCT_BUNDLE_IDENTIFIER = com.TTOONTests;
				PRODUCT_NAME = "$(TARGET_NAME)";
				SWIFT_EMIT_LOC_STRINGS = NO;
				SWIFT_VERSION = 5.0;
				TARGETED_DEVICE_FAMILY = "1,2";
				TEST_HOST = "$(BUILT_PRODUCTS_DIR)/TTOON.app/$(BUNDLE_EXECUTABLE_FOLDER_PATH)/TTOON";
			};
			name = Release;
		};
		BE36CFBB2BAFF58A0017F94E /* Debug */ = {
			isa = XCBuildConfiguration;
			buildSettings = {
				ALWAYS_EMBED_SWIFT_STANDARD_LIBRARIES = YES;
				CODE_SIGN_STYLE = Automatic;
				CURRENT_PROJECT_VERSION = 1;
				GENERATE_INFOPLIST_FILE = YES;
				MARKETING_VERSION = 1.0;
				PRODUCT_BUNDLE_IDENTIFIER = com.TTOONUITests;
				PRODUCT_NAME = "$(TARGET_NAME)";
				SWIFT_EMIT_LOC_STRINGS = NO;
				SWIFT_VERSION = 5.0;
				TARGETED_DEVICE_FAMILY = "1,2";
				TEST_TARGET_NAME = TTOON;
			};
			name = Debug;
		};
		BE36CFBC2BAFF58A0017F94E /* Release */ = {
			isa = XCBuildConfiguration;
			buildSettings = {
				ALWAYS_EMBED_SWIFT_STANDARD_LIBRARIES = YES;
				CODE_SIGN_STYLE = Automatic;
				CURRENT_PROJECT_VERSION = 1;
				GENERATE_INFOPLIST_FILE = YES;
				MARKETING_VERSION = 1.0;
				PRODUCT_BUNDLE_IDENTIFIER = com.TTOONUITests;
				PRODUCT_NAME = "$(TARGET_NAME)";
				SWIFT_EMIT_LOC_STRINGS = NO;
				SWIFT_VERSION = 5.0;
				TARGETED_DEVICE_FAMILY = "1,2";
				TEST_TARGET_NAME = TTOON;
			};
			name = Release;
		};
/* End XCBuildConfiguration section */

/* Begin XCConfigurationList section */
		BE36CF852BAFF5890017F94E /* Build configuration list for PBXProject "TTOON" */ = {
			isa = XCConfigurationList;
			buildConfigurations = (
				BE36CFB22BAFF58A0017F94E /* Debug */,
				BE36CFB32BAFF58A0017F94E /* Release */,
			);
			defaultConfigurationIsVisible = 0;
			defaultConfigurationName = Release;
		};
		BE36CFB42BAFF58A0017F94E /* Build configuration list for PBXNativeTarget "TTOON" */ = {
			isa = XCConfigurationList;
			buildConfigurations = (
				BE36CFB52BAFF58A0017F94E /* Debug */,
				BE36CFB62BAFF58A0017F94E /* Release */,
			);
			defaultConfigurationIsVisible = 0;
			defaultConfigurationName = Release;
		};
		BE36CFB72BAFF58A0017F94E /* Build configuration list for PBXNativeTarget "TTOONTests" */ = {
			isa = XCConfigurationList;
			buildConfigurations = (
				BE36CFB82BAFF58A0017F94E /* Debug */,
				BE36CFB92BAFF58A0017F94E /* Release */,
			);
			defaultConfigurationIsVisible = 0;
			defaultConfigurationName = Release;
		};
		BE36CFBA2BAFF58A0017F94E /* Build configuration list for PBXNativeTarget "TTOONUITests" */ = {
			isa = XCConfigurationList;
			buildConfigurations = (
				BE36CFBB2BAFF58A0017F94E /* Debug */,
				BE36CFBC2BAFF58A0017F94E /* Release */,
			);
			defaultConfigurationIsVisible = 0;
			defaultConfigurationName = Release;
		};
/* End XCConfigurationList section */
	};
	rootObject = BE36CF822BAFF5890017F94E /* Project object */;
}
