// !$*UTF8*$!
{
	archiveVersion = 1;
	classes = {
	};
	objectVersion = 56;
	objects = {

/* Begin PBXBuildFile section */
		480C16582BEEF22B0085A187 /* Prod.xcconfig in Resources */ = {isa = PBXBuildFile; fileRef = 480C16552BEEF22B0085A187 /* Prod.xcconfig */; };
		480C16592BEEF22B0085A187 /* Stag.xcconfig in Resources */ = {isa = PBXBuildFile; fileRef = 480C16562BEEF22B0085A187 /* Stag.xcconfig */; };
		480C165A2BEEF22B0085A187 /* Dev.xcconfig in Resources */ = {isa = PBXBuildFile; fileRef = 480C16572BEEF22B0085A187 /* Dev.xcconfig */; };
		480C165D2BEEF7C90085A187 /* SocialLoginButton.swift in Sources */ = {isa = PBXBuildFile; fileRef = 480C165C2BEEF7C90085A187 /* SocialLoginButton.swift */; };
		480C165F2BEEFA9F0085A187 /* SocialLoginType.swift in Sources */ = {isa = PBXBuildFile; fileRef = 480C165E2BEEFA9F0085A187 /* SocialLoginType.swift */; };
		482B60EF2BB58F3F00681097 /* Kingfisher in Frameworks */ = {isa = PBXBuildFile; productRef = 482B60EE2BB58F3F00681097 /* Kingfisher */; };
		482B60F22BB58F6E00681097 /* SnapKit in Frameworks */ = {isa = PBXBuildFile; productRef = 482B60F12BB58F6E00681097 /* SnapKit */; };
		482B60F52BB58F9400681097 /* FSCalendar in Frameworks */ = {isa = PBXBuildFile; productRef = 482B60F42BB58F9400681097 /* FSCalendar */; };
		482B60F82BB58FF000681097 /* PinLayout in Frameworks */ = {isa = PBXBuildFile; productRef = 482B60F72BB58FF000681097 /* PinLayout */; };
		482B60FB2BB5902A00681097 /* FlexLayout in Frameworks */ = {isa = PBXBuildFile; productRef = 482B60FA2BB5902A00681097 /* FlexLayout */; };
		482B60FE2BB5912E00681097 /* Moya in Frameworks */ = {isa = PBXBuildFile; productRef = 482B60FD2BB5912E00681097 /* Moya */; };
		482B61002BB5912E00681097 /* RxMoya in Frameworks */ = {isa = PBXBuildFile; productRef = 482B60FF2BB5912E00681097 /* RxMoya */; };
		482B61032BB591D600681097 /* Swinject in Frameworks */ = {isa = PBXBuildFile; productRef = 482B61022BB591D600681097 /* Swinject */; };
		482B61062BB592D500681097 /* RxCocoa in Frameworks */ = {isa = PBXBuildFile; productRef = 482B61052BB592D500681097 /* RxCocoa */; };
		482B61082BB592D500681097 /* RxSwift in Frameworks */ = {isa = PBXBuildFile; productRef = 482B61072BB592D500681097 /* RxSwift */; };
		482B610B2BB5931200681097 /* ReactorKit in Frameworks */ = {isa = PBXBuildFile; productRef = 482B610A2BB5931200681097 /* ReactorKit */; };
		482B610E2BB5940500681097 /* GoogleSignIn in Frameworks */ = {isa = PBXBuildFile; productRef = 482B610D2BB5940500681097 /* GoogleSignIn */; };
		482B61112BB5956D00681097 /* KakaoSDKAuth in Frameworks */ = {isa = PBXBuildFile; productRef = 482B61102BB5956D00681097 /* KakaoSDKAuth */; };
		482B61132BB5956D00681097 /* KakaoSDKUser in Frameworks */ = {isa = PBXBuildFile; productRef = 482B61122BB5956D00681097 /* KakaoSDKUser */; };
		482B61162BB5957F00681097 /* RxKakaoSDKAuth in Frameworks */ = {isa = PBXBuildFile; productRef = 482B61152BB5957F00681097 /* RxKakaoSDKAuth */; };
		482B61182BB5957F00681097 /* RxKakaoSDKUser in Frameworks */ = {isa = PBXBuildFile; productRef = 482B61172BB5957F00681097 /* RxKakaoSDKUser */; };
		482B611B2BB596CD00681097 /* SwiftKeychainWrapper in Frameworks */ = {isa = PBXBuildFile; productRef = 482B611A2BB596CD00681097 /* SwiftKeychainWrapper */; };
		482B611E2BB598DD00681097 /* Sentry in Frameworks */ = {isa = PBXBuildFile; productRef = 482B611D2BB598DD00681097 /* Sentry */; };
		482B61212BB599B100681097 /* FirebaseAnalytics in Frameworks */ = {isa = PBXBuildFile; productRef = 482B61202BB599B100681097 /* FirebaseAnalytics */; };
		482B61232BB599B100681097 /* FirebaseCrashlytics in Frameworks */ = {isa = PBXBuildFile; productRef = 482B61222BB599B100681097 /* FirebaseCrashlytics */; };
		489FE2C12BC00F700033B61D /* BaseView.swift in Sources */ = {isa = PBXBuildFile; fileRef = 489FE2C02BC00F700033B61D /* BaseView.swift */; };
		489FE2C32BC00F760033B61D /* BaseViewController.swift in Sources */ = {isa = PBXBuildFile; fileRef = 489FE2C22BC00F760033B61D /* BaseViewController.swift */; };
		489FE2C52BC00F890033B61D /* BaseViewModel.swift in Sources */ = {isa = PBXBuildFile; fileRef = 489FE2C42BC00F890033B61D /* BaseViewModel.swift */; };
		489FE2C72BC00F9F0033B61D /* BaseTableViewCell.swift in Sources */ = {isa = PBXBuildFile; fileRef = 489FE2C62BC00F9F0033B61D /* BaseTableViewCell.swift */; };
		489FE2C92BC00FA40033B61D /* BaseCollectionViewCell.swift in Sources */ = {isa = PBXBuildFile; fileRef = 489FE2C82BC00FA40033B61D /* BaseCollectionViewCell.swift */; };
		489FE2CE2BC010EB0033B61D /* Coordinator.swift in Sources */ = {isa = PBXBuildFile; fileRef = 489FE2CD2BC010EB0033B61D /* Coordinator.swift */; };
		489FE2D02BC011670033B61D /* AppCoordinator.swift in Sources */ = {isa = PBXBuildFile; fileRef = 489FE2CF2BC011670033B61D /* AppCoordinator.swift */; };
		48F55A702BCD39FE00303C22 /* LoginView.swift in Sources */ = {isa = PBXBuildFile; fileRef = 48F55A6F2BCD39FE00303C22 /* LoginView.swift */; };
		48F55A722BCD3A6600303C22 /* LoginViewController.swift in Sources */ = {isa = PBXBuildFile; fileRef = 48F55A712BCD3A6600303C22 /* LoginViewController.swift */; };
		48F55A742BCD3CEC00303C22 /* LoginViewModel.swift in Sources */ = {isa = PBXBuildFile; fileRef = 48F55A732BCD3CEC00303C22 /* LoginViewModel.swift */; };
		48F55A762BCD42DD00303C22 /* LoginUseCase.swift in Sources */ = {isa = PBXBuildFile; fileRef = 48F55A752BCD42DD00303C22 /* LoginUseCase.swift */; };
		48F55A782BCD43AF00303C22 /* LoginRepositoryProtocol.swift in Sources */ = {isa = PBXBuildFile; fileRef = 48F55A772BCD43AF00303C22 /* LoginRepositoryProtocol.swift */; };
		48F55A7C2BCD440600303C22 /* LoginRepository.swift in Sources */ = {isa = PBXBuildFile; fileRef = 48F55A7B2BCD440600303C22 /* LoginRepository.swift */; };
		BE0132AA2BC4306600C9827C /* engaged-code-418809-16024d5258d0.json in Resources */ = {isa = PBXBuildFile; fileRef = BE0132A92BC4306600C9827C /* engaged-code-418809-16024d5258d0.json */; };
		BE36CF8E2BAFF5890017F94E /* AppDelegate.swift in Sources */ = {isa = PBXBuildFile; fileRef = BE36CF8D2BAFF5890017F94E /* AppDelegate.swift */; };
		BE36CF902BAFF5890017F94E /* SceneDelegate.swift in Sources */ = {isa = PBXBuildFile; fileRef = BE36CF8F2BAFF5890017F94E /* SceneDelegate.swift */; };
		BE36CF972BAFF58A0017F94E /* Assets.xcassets in Resources */ = {isa = PBXBuildFile; fileRef = BE36CF962BAFF58A0017F94E /* Assets.xcassets */; };
		BE36CFA52BAFF58A0017F94E /* TTOONTests.swift in Sources */ = {isa = PBXBuildFile; fileRef = BE36CFA42BAFF58A0017F94E /* TTOONTests.swift */; };
		BE36CFAF2BAFF58A0017F94E /* TTOONUITests.swift in Sources */ = {isa = PBXBuildFile; fileRef = BE36CFAE2BAFF58A0017F94E /* TTOONUITests.swift */; };
		BE36CFB12BAFF58A0017F94E /* TTOONUITestsLaunchTests.swift in Sources */ = {isa = PBXBuildFile; fileRef = BE36CFB02BAFF58A0017F94E /* TTOONUITestsLaunchTests.swift */; };
		BE3A3E9D2BCA5F0D00067540 /* TNImage.swift in Sources */ = {isa = PBXBuildFile; fileRef = BE3A3E9C2BCA5F0D00067540 /* TNImage.swift */; };
		BE7C8C112BE8F258005F2FB2 /* APIProvider.swift in Sources */ = {isa = PBXBuildFile; fileRef = BE7C8C102BE8F258005F2FB2 /* APIProvider.swift */; };
		BE7C8C132BE8F269005F2FB2 /* SplashAPI.swift in Sources */ = {isa = PBXBuildFile; fileRef = BE7C8C122BE8F269005F2FB2 /* SplashAPI.swift */; };
		BE7C8C152BE8F2F1005F2FB2 /* BaseURL.swift in Sources */ = {isa = PBXBuildFile; fileRef = BE7C8C142BE8F2F1005F2FB2 /* BaseURL.swift */; };
		BE7C8C172BE8FD50005F2FB2 /* AuthInterceptor.swift in Sources */ = {isa = PBXBuildFile; fileRef = BE7C8C162BE8FD50005F2FB2 /* AuthInterceptor.swift */; };
		BE7C8C192BE8FD9B005F2FB2 /* LogPlugin.swift in Sources */ = {isa = PBXBuildFile; fileRef = BE7C8C182BE8FD9B005F2FB2 /* LogPlugin.swift */; };
		BE840DBC2BB95FDB000E67B7 /* .swiftlint.yml in Resources */ = {isa = PBXBuildFile; fileRef = BE840DBB2BB95FDB000E67B7 /* .swiftlint.yml */; };
		BE840DBD2BB95FE5000E67B7 /* .swiftlint.yml in Resources */ = {isa = PBXBuildFile; fileRef = BE840DBB2BB95FDB000E67B7 /* .swiftlint.yml */; };
		BE840DBE2BB95FE5000E67B7 /* .swiftlint.yml in Resources */ = {isa = PBXBuildFile; fileRef = BE840DBB2BB95FDB000E67B7 /* .swiftlint.yml */; };
		BE840DCA2BBD9817000E67B7 /* GoogleService-Info.plist in Resources */ = {isa = PBXBuildFile; fileRef = BE840DC92BBD9817000E67B7 /* GoogleService-Info.plist */; };
		BE9BBC112BCA529A006FD848 /* Pretendard-Black.otf in Resources */ = {isa = PBXBuildFile; fileRef = BE9BBC082BCA5299006FD848 /* Pretendard-Black.otf */; };
		BE9BBC122BCA529A006FD848 /* Pretendard-Black.otf in Resources */ = {isa = PBXBuildFile; fileRef = BE9BBC082BCA5299006FD848 /* Pretendard-Black.otf */; };
		BE9BBC132BCA529A006FD848 /* Pretendard-Black.otf in Resources */ = {isa = PBXBuildFile; fileRef = BE9BBC082BCA5299006FD848 /* Pretendard-Black.otf */; };
		BE9BBC142BCA529A006FD848 /* Pretendard-Bold.otf in Resources */ = {isa = PBXBuildFile; fileRef = BE9BBC092BCA5299006FD848 /* Pretendard-Bold.otf */; };
		BE9BBC152BCA529A006FD848 /* Pretendard-Bold.otf in Resources */ = {isa = PBXBuildFile; fileRef = BE9BBC092BCA5299006FD848 /* Pretendard-Bold.otf */; };
		BE9BBC162BCA529A006FD848 /* Pretendard-Bold.otf in Resources */ = {isa = PBXBuildFile; fileRef = BE9BBC092BCA5299006FD848 /* Pretendard-Bold.otf */; };
		BE9BBC172BCA529A006FD848 /* Pretendard-ExtraBold.otf in Resources */ = {isa = PBXBuildFile; fileRef = BE9BBC0A2BCA5299006FD848 /* Pretendard-ExtraBold.otf */; };
		BE9BBC182BCA529A006FD848 /* Pretendard-ExtraBold.otf in Resources */ = {isa = PBXBuildFile; fileRef = BE9BBC0A2BCA5299006FD848 /* Pretendard-ExtraBold.otf */; };
		BE9BBC192BCA529A006FD848 /* Pretendard-ExtraBold.otf in Resources */ = {isa = PBXBuildFile; fileRef = BE9BBC0A2BCA5299006FD848 /* Pretendard-ExtraBold.otf */; };
		BE9BBC1A2BCA529A006FD848 /* Pretendard-Regular.otf in Resources */ = {isa = PBXBuildFile; fileRef = BE9BBC0B2BCA5299006FD848 /* Pretendard-Regular.otf */; };
		BE9BBC1B2BCA529A006FD848 /* Pretendard-Regular.otf in Resources */ = {isa = PBXBuildFile; fileRef = BE9BBC0B2BCA5299006FD848 /* Pretendard-Regular.otf */; };
		BE9BBC1C2BCA529A006FD848 /* Pretendard-Regular.otf in Resources */ = {isa = PBXBuildFile; fileRef = BE9BBC0B2BCA5299006FD848 /* Pretendard-Regular.otf */; };
		BE9BBC1D2BCA529A006FD848 /* Pretendard-ExtraLight.otf in Resources */ = {isa = PBXBuildFile; fileRef = BE9BBC0C2BCA5299006FD848 /* Pretendard-ExtraLight.otf */; };
		BE9BBC1E2BCA529A006FD848 /* Pretendard-ExtraLight.otf in Resources */ = {isa = PBXBuildFile; fileRef = BE9BBC0C2BCA5299006FD848 /* Pretendard-ExtraLight.otf */; };
		BE9BBC1F2BCA529A006FD848 /* Pretendard-ExtraLight.otf in Resources */ = {isa = PBXBuildFile; fileRef = BE9BBC0C2BCA5299006FD848 /* Pretendard-ExtraLight.otf */; };
		BE9BBC202BCA529A006FD848 /* Pretendard-SemiBold.otf in Resources */ = {isa = PBXBuildFile; fileRef = BE9BBC0D2BCA5299006FD848 /* Pretendard-SemiBold.otf */; };
		BE9BBC212BCA529A006FD848 /* Pretendard-SemiBold.otf in Resources */ = {isa = PBXBuildFile; fileRef = BE9BBC0D2BCA5299006FD848 /* Pretendard-SemiBold.otf */; };
		BE9BBC222BCA529A006FD848 /* Pretendard-SemiBold.otf in Resources */ = {isa = PBXBuildFile; fileRef = BE9BBC0D2BCA5299006FD848 /* Pretendard-SemiBold.otf */; };
		BE9BBC232BCA529A006FD848 /* Pretendard-Medium.otf in Resources */ = {isa = PBXBuildFile; fileRef = BE9BBC0E2BCA5299006FD848 /* Pretendard-Medium.otf */; };
		BE9BBC242BCA529A006FD848 /* Pretendard-Medium.otf in Resources */ = {isa = PBXBuildFile; fileRef = BE9BBC0E2BCA5299006FD848 /* Pretendard-Medium.otf */; };
		BE9BBC252BCA529A006FD848 /* Pretendard-Medium.otf in Resources */ = {isa = PBXBuildFile; fileRef = BE9BBC0E2BCA5299006FD848 /* Pretendard-Medium.otf */; };
		BE9BBC262BCA529A006FD848 /* Pretendard-Thin.otf in Resources */ = {isa = PBXBuildFile; fileRef = BE9BBC0F2BCA529A006FD848 /* Pretendard-Thin.otf */; };
		BE9BBC272BCA529A006FD848 /* Pretendard-Thin.otf in Resources */ = {isa = PBXBuildFile; fileRef = BE9BBC0F2BCA529A006FD848 /* Pretendard-Thin.otf */; };
		BE9BBC282BCA529A006FD848 /* Pretendard-Thin.otf in Resources */ = {isa = PBXBuildFile; fileRef = BE9BBC0F2BCA529A006FD848 /* Pretendard-Thin.otf */; };
		BE9BBC292BCA529A006FD848 /* Pretendard-Light.otf in Resources */ = {isa = PBXBuildFile; fileRef = BE9BBC102BCA529A006FD848 /* Pretendard-Light.otf */; };
		BE9BBC2A2BCA529A006FD848 /* Pretendard-Light.otf in Resources */ = {isa = PBXBuildFile; fileRef = BE9BBC102BCA529A006FD848 /* Pretendard-Light.otf */; };
		BE9BBC2B2BCA529A006FD848 /* Pretendard-Light.otf in Resources */ = {isa = PBXBuildFile; fileRef = BE9BBC102BCA529A006FD848 /* Pretendard-Light.otf */; };
		BE9BBC3F2BCA5455006FD848 /* TNFont.swift in Sources */ = {isa = PBXBuildFile; fileRef = BE9BBC3E2BCA5455006FD848 /* TNFont.swift */; };
		BE9BBC402BCA5455006FD848 /* TNFont.swift in Sources */ = {isa = PBXBuildFile; fileRef = BE9BBC3E2BCA5455006FD848 /* TNFont.swift */; };
		BE9BBC412BCA5455006FD848 /* TNFont.swift in Sources */ = {isa = PBXBuildFile; fileRef = BE9BBC3E2BCA5455006FD848 /* TNFont.swift */; };
		BE9BBC442BCA552F006FD848 /* UIFont+.swift in Sources */ = {isa = PBXBuildFile; fileRef = BE9BBC432BCA552F006FD848 /* UIFont+.swift */; };
		BE9BBC452BCA552F006FD848 /* UIFont+.swift in Sources */ = {isa = PBXBuildFile; fileRef = BE9BBC432BCA552F006FD848 /* UIFont+.swift */; };
		BE9BBC462BCA552F006FD848 /* UIFont+.swift in Sources */ = {isa = PBXBuildFile; fileRef = BE9BBC432BCA552F006FD848 /* UIFont+.swift */; };
		BE9BBC492BCA5809006FD848 /* UIColor+.swift in Sources */ = {isa = PBXBuildFile; fileRef = BE9BBC482BCA5809006FD848 /* UIColor+.swift */; };
		BE9BBC4A2BCA5809006FD848 /* UIColor+.swift in Sources */ = {isa = PBXBuildFile; fileRef = BE9BBC482BCA5809006FD848 /* UIColor+.swift */; };
		BE9BBC4B2BCA5809006FD848 /* UIColor+.swift in Sources */ = {isa = PBXBuildFile; fileRef = BE9BBC482BCA5809006FD848 /* UIColor+.swift */; };
		BEA33A242BD6AA320065D60C /* SplashErrorReactor.swift in Sources */ = {isa = PBXBuildFile; fileRef = BEA33A232BD6AA320065D60C /* SplashErrorReactor.swift */; };
		BEA8BB512BB86351000F9C15 /* Localizable.strings in Resources */ = {isa = PBXBuildFile; fileRef = BEA8BB552BB86351000F9C15 /* Localizable.strings */; };
		BEA8BB522BB86351000F9C15 /* Localizable.strings in Resources */ = {isa = PBXBuildFile; fileRef = BEA8BB552BB86351000F9C15 /* Localizable.strings */; };
		BEA8BB532BB86351000F9C15 /* Localizable.strings in Resources */ = {isa = PBXBuildFile; fileRef = BEA8BB552BB86351000F9C15 /* Localizable.strings */; };
		BEB456822BD15BCB007F5EEC /* SplashRepositoryProtocol.swift in Sources */ = {isa = PBXBuildFile; fileRef = BEB4567E2BD15BCB007F5EEC /* SplashRepositoryProtocol.swift */; };
		BEB456832BD15BCB007F5EEC /* SplashUseCase.swift in Sources */ = {isa = PBXBuildFile; fileRef = BEB456812BD15BCB007F5EEC /* SplashUseCase.swift */; };
		BEB456872BD15C06007F5EEC /* SplashRepository.swift in Sources */ = {isa = PBXBuildFile; fileRef = BEB456862BD15C06007F5EEC /* SplashRepository.swift */; };
		BEB4568A2BD15ED0007F5EEC /* NetworkMonitor.swift in Sources */ = {isa = PBXBuildFile; fileRef = BEB456892BD15ED0007F5EEC /* NetworkMonitor.swift */; };
		BEB4568C2BD16572007F5EEC /* SplashReactor.swift in Sources */ = {isa = PBXBuildFile; fileRef = BEB4568B2BD16572007F5EEC /* SplashReactor.swift */; };
		BEDF4E4D2BB709770034FF79 /* Stag.xcconfig in Resources */ = {isa = PBXBuildFile; fileRef = BEDF4E4A2BB709770034FF79 /* Stag.xcconfig */; };
		BEDF4E4E2BB709770034FF79 /* Dev.xcconfig in Resources */ = {isa = PBXBuildFile; fileRef = BEDF4E4B2BB709770034FF79 /* Dev.xcconfig */; };
		BEDF4E4F2BB709770034FF79 /* Prod.xcconfig in Resources */ = {isa = PBXBuildFile; fileRef = BEDF4E4C2BB709770034FF79 /* Prod.xcconfig */; };
		BEDF4E512BB70A0C0034FF79 /* .gitignore in Resources */ = {isa = PBXBuildFile; fileRef = BEDF4E502BB70A0C0034FF79 /* .gitignore */; };
		BEF48D602BCA5CEE0056E31E /* SplashViewController.swift in Sources */ = {isa = PBXBuildFile; fileRef = BEF48D5F2BCA5CEE0056E31E /* SplashViewController.swift */; };
		BEF48D622BCA5D220056E31E /* SplashErrorViewController.swift in Sources */ = {isa = PBXBuildFile; fileRef = BEF48D612BCA5D220056E31E /* SplashErrorViewController.swift */; };
		BEF8D8182BDFC7880095674D /* TNUrl.swift in Sources */ = {isa = PBXBuildFile; fileRef = BEF8D8172BDFC7880095674D /* TNUrl.swift */; };
/* End PBXBuildFile section */

/* Begin PBXContainerItemProxy section */
		BE36CFA12BAFF58A0017F94E /* PBXContainerItemProxy */ = {
			isa = PBXContainerItemProxy;
			containerPortal = BE36CF822BAFF5890017F94E /* Project object */;
			proxyType = 1;
			remoteGlobalIDString = BE36CF892BAFF5890017F94E;
			remoteInfo = TTOON;
		};
		BE36CFAB2BAFF58A0017F94E /* PBXContainerItemProxy */ = {
			isa = PBXContainerItemProxy;
			containerPortal = BE36CF822BAFF5890017F94E /* Project object */;
			proxyType = 1;
			remoteGlobalIDString = BE36CF892BAFF5890017F94E;
			remoteInfo = TTOON;
		};
/* End PBXContainerItemProxy section */

/* Begin PBXFileReference section */
		480C16552BEEF22B0085A187 /* Prod.xcconfig */ = {isa = PBXFileReference; fileEncoding = 4; lastKnownFileType = text.xcconfig; path = Prod.xcconfig; sourceTree = "<group>"; };
		480C16562BEEF22B0085A187 /* Stag.xcconfig */ = {isa = PBXFileReference; fileEncoding = 4; lastKnownFileType = text.xcconfig; path = Stag.xcconfig; sourceTree = "<group>"; };
		480C16572BEEF22B0085A187 /* Dev.xcconfig */ = {isa = PBXFileReference; fileEncoding = 4; lastKnownFileType = text.xcconfig; path = Dev.xcconfig; sourceTree = "<group>"; };
		480C165C2BEEF7C90085A187 /* SocialLoginButton.swift */ = {isa = PBXFileReference; lastKnownFileType = sourcecode.swift; path = SocialLoginButton.swift; sourceTree = "<group>"; };
		480C165E2BEEFA9F0085A187 /* SocialLoginType.swift */ = {isa = PBXFileReference; lastKnownFileType = sourcecode.swift; path = SocialLoginType.swift; sourceTree = "<group>"; };
		489FE2C02BC00F700033B61D /* BaseView.swift */ = {isa = PBXFileReference; lastKnownFileType = sourcecode.swift; path = BaseView.swift; sourceTree = "<group>"; };
		489FE2C22BC00F760033B61D /* BaseViewController.swift */ = {isa = PBXFileReference; lastKnownFileType = sourcecode.swift; path = BaseViewController.swift; sourceTree = "<group>"; };
		489FE2C42BC00F890033B61D /* BaseViewModel.swift */ = {isa = PBXFileReference; lastKnownFileType = sourcecode.swift; path = BaseViewModel.swift; sourceTree = "<group>"; };
		489FE2C62BC00F9F0033B61D /* BaseTableViewCell.swift */ = {isa = PBXFileReference; lastKnownFileType = sourcecode.swift; path = BaseTableViewCell.swift; sourceTree = "<group>"; };
		489FE2C82BC00FA40033B61D /* BaseCollectionViewCell.swift */ = {isa = PBXFileReference; lastKnownFileType = sourcecode.swift; path = BaseCollectionViewCell.swift; sourceTree = "<group>"; };
		489FE2CD2BC010EB0033B61D /* Coordinator.swift */ = {isa = PBXFileReference; lastKnownFileType = sourcecode.swift; path = Coordinator.swift; sourceTree = "<group>"; };
		489FE2CF2BC011670033B61D /* AppCoordinator.swift */ = {isa = PBXFileReference; lastKnownFileType = sourcecode.swift; path = AppCoordinator.swift; sourceTree = "<group>"; };
		48F55A6F2BCD39FE00303C22 /* LoginView.swift */ = {isa = PBXFileReference; lastKnownFileType = sourcecode.swift; path = LoginView.swift; sourceTree = "<group>"; };
		48F55A712BCD3A6600303C22 /* LoginViewController.swift */ = {isa = PBXFileReference; lastKnownFileType = sourcecode.swift; path = LoginViewController.swift; sourceTree = "<group>"; };
		48F55A732BCD3CEC00303C22 /* LoginViewModel.swift */ = {isa = PBXFileReference; lastKnownFileType = sourcecode.swift; path = LoginViewModel.swift; sourceTree = "<group>"; };
		48F55A752BCD42DD00303C22 /* LoginUseCase.swift */ = {isa = PBXFileReference; lastKnownFileType = sourcecode.swift; path = LoginUseCase.swift; sourceTree = "<group>"; };
		48F55A772BCD43AF00303C22 /* LoginRepositoryProtocol.swift */ = {isa = PBXFileReference; lastKnownFileType = sourcecode.swift; path = LoginRepositoryProtocol.swift; sourceTree = "<group>"; };
		48F55A7B2BCD440600303C22 /* LoginRepository.swift */ = {isa = PBXFileReference; lastKnownFileType = sourcecode.swift; path = LoginRepository.swift; sourceTree = "<group>"; };
		48F55A7D2BCD4A6D00303C22 /* TTOON.entitlements */ = {isa = PBXFileReference; lastKnownFileType = text.plist.entitlements; path = TTOON.entitlements; sourceTree = "<group>"; };
		BE0132A92BC4306600C9827C /* engaged-code-418809-16024d5258d0.json */ = {isa = PBXFileReference; fileEncoding = 4; lastKnownFileType = text.json; path = "engaged-code-418809-16024d5258d0.json"; sourceTree = "<group>"; };
		BE36CF8A2BAFF5890017F94E /* TTOON.app */ = {isa = PBXFileReference; explicitFileType = wrapper.application; includeInIndex = 0; path = TTOON.app; sourceTree = BUILT_PRODUCTS_DIR; };
		BE36CF8D2BAFF5890017F94E /* AppDelegate.swift */ = {isa = PBXFileReference; lastKnownFileType = sourcecode.swift; path = AppDelegate.swift; sourceTree = "<group>"; };
		BE36CF8F2BAFF5890017F94E /* SceneDelegate.swift */ = {isa = PBXFileReference; lastKnownFileType = sourcecode.swift; path = SceneDelegate.swift; sourceTree = "<group>"; };
		BE36CF962BAFF58A0017F94E /* Assets.xcassets */ = {isa = PBXFileReference; lastKnownFileType = folder.assetcatalog; path = Assets.xcassets; sourceTree = "<group>"; };
		BE36CF9B2BAFF58A0017F94E /* Info.plist */ = {isa = PBXFileReference; lastKnownFileType = text.plist.xml; path = Info.plist; sourceTree = "<group>"; };
		BE36CFA02BAFF58A0017F94E /* TTOONTests.xctest */ = {isa = PBXFileReference; explicitFileType = wrapper.cfbundle; includeInIndex = 0; path = TTOONTests.xctest; sourceTree = BUILT_PRODUCTS_DIR; };
		BE36CFA42BAFF58A0017F94E /* TTOONTests.swift */ = {isa = PBXFileReference; lastKnownFileType = sourcecode.swift; path = TTOONTests.swift; sourceTree = "<group>"; };
		BE36CFAA2BAFF58A0017F94E /* TTOONUITests.xctest */ = {isa = PBXFileReference; explicitFileType = wrapper.cfbundle; includeInIndex = 0; path = TTOONUITests.xctest; sourceTree = BUILT_PRODUCTS_DIR; };
		BE36CFAE2BAFF58A0017F94E /* TTOONUITests.swift */ = {isa = PBXFileReference; lastKnownFileType = sourcecode.swift; path = TTOONUITests.swift; sourceTree = "<group>"; };
		BE36CFB02BAFF58A0017F94E /* TTOONUITestsLaunchTests.swift */ = {isa = PBXFileReference; lastKnownFileType = sourcecode.swift; path = TTOONUITestsLaunchTests.swift; sourceTree = "<group>"; };
		BE3A3E9C2BCA5F0D00067540 /* TNImage.swift */ = {isa = PBXFileReference; lastKnownFileType = sourcecode.swift; path = TNImage.swift; sourceTree = "<group>"; };
		BE7C8C102BE8F258005F2FB2 /* APIProvider.swift */ = {isa = PBXFileReference; lastKnownFileType = sourcecode.swift; path = APIProvider.swift; sourceTree = "<group>"; };
		BE7C8C122BE8F269005F2FB2 /* SplashAPI.swift */ = {isa = PBXFileReference; lastKnownFileType = sourcecode.swift; path = SplashAPI.swift; sourceTree = "<group>"; };
		BE7C8C142BE8F2F1005F2FB2 /* BaseURL.swift */ = {isa = PBXFileReference; lastKnownFileType = sourcecode.swift; path = BaseURL.swift; sourceTree = "<group>"; };
		BE7C8C162BE8FD50005F2FB2 /* AuthInterceptor.swift */ = {isa = PBXFileReference; lastKnownFileType = sourcecode.swift; path = AuthInterceptor.swift; sourceTree = "<group>"; };
		BE7C8C182BE8FD9B005F2FB2 /* LogPlugin.swift */ = {isa = PBXFileReference; lastKnownFileType = sourcecode.swift; path = LogPlugin.swift; sourceTree = "<group>"; };
		BE840DBB2BB95FDB000E67B7 /* .swiftlint.yml */ = {isa = PBXFileReference; fileEncoding = 4; lastKnownFileType = text.yaml; path = .swiftlint.yml; sourceTree = "<group>"; };
		BE840DC92BBD9817000E67B7 /* GoogleService-Info.plist */ = {isa = PBXFileReference; fileEncoding = 4; lastKnownFileType = text.plist.xml; path = "GoogleService-Info.plist"; sourceTree = "<group>"; };
		BE9BBC082BCA5299006FD848 /* Pretendard-Black.otf */ = {isa = PBXFileReference; lastKnownFileType = file; path = "Pretendard-Black.otf"; sourceTree = "<group>"; };
		BE9BBC092BCA5299006FD848 /* Pretendard-Bold.otf */ = {isa = PBXFileReference; lastKnownFileType = file; path = "Pretendard-Bold.otf"; sourceTree = "<group>"; };
		BE9BBC0A2BCA5299006FD848 /* Pretendard-ExtraBold.otf */ = {isa = PBXFileReference; lastKnownFileType = file; path = "Pretendard-ExtraBold.otf"; sourceTree = "<group>"; };
		BE9BBC0B2BCA5299006FD848 /* Pretendard-Regular.otf */ = {isa = PBXFileReference; lastKnownFileType = file; path = "Pretendard-Regular.otf"; sourceTree = "<group>"; };
		BE9BBC0C2BCA5299006FD848 /* Pretendard-ExtraLight.otf */ = {isa = PBXFileReference; lastKnownFileType = file; path = "Pretendard-ExtraLight.otf"; sourceTree = "<group>"; };
		BE9BBC0D2BCA5299006FD848 /* Pretendard-SemiBold.otf */ = {isa = PBXFileReference; lastKnownFileType = file; path = "Pretendard-SemiBold.otf"; sourceTree = "<group>"; };
		BE9BBC0E2BCA5299006FD848 /* Pretendard-Medium.otf */ = {isa = PBXFileReference; lastKnownFileType = file; path = "Pretendard-Medium.otf"; sourceTree = "<group>"; };
		BE9BBC0F2BCA529A006FD848 /* Pretendard-Thin.otf */ = {isa = PBXFileReference; lastKnownFileType = file; path = "Pretendard-Thin.otf"; sourceTree = "<group>"; };
		BE9BBC102BCA529A006FD848 /* Pretendard-Light.otf */ = {isa = PBXFileReference; lastKnownFileType = file; path = "Pretendard-Light.otf"; sourceTree = "<group>"; };
		BE9BBC3E2BCA5455006FD848 /* TNFont.swift */ = {isa = PBXFileReference; lastKnownFileType = sourcecode.swift; path = TNFont.swift; sourceTree = "<group>"; };
		BE9BBC432BCA552F006FD848 /* UIFont+.swift */ = {isa = PBXFileReference; lastKnownFileType = sourcecode.swift; path = "UIFont+.swift"; sourceTree = "<group>"; };
		BE9BBC482BCA5809006FD848 /* UIColor+.swift */ = {isa = PBXFileReference; lastKnownFileType = sourcecode.swift; path = "UIColor+.swift"; sourceTree = "<group>"; };
		BEA33A232BD6AA320065D60C /* SplashErrorReactor.swift */ = {isa = PBXFileReference; lastKnownFileType = sourcecode.swift; path = SplashErrorReactor.swift; sourceTree = "<group>"; };
		BEA8BB542BB86351000F9C15 /* en */ = {isa = PBXFileReference; lastKnownFileType = text.plist.strings; name = en; path = en.lproj/Localizable.strings; sourceTree = "<group>"; };
		BEA8BB562BB86361000F9C15 /* ko */ = {isa = PBXFileReference; lastKnownFileType = text.plist.strings; name = ko; path = ko.lproj/Localizable.strings; sourceTree = "<group>"; };
		BEA8BB572BB86385000F9C15 /* localize.py */ = {isa = PBXFileReference; lastKnownFileType = text.script.python; path = localize.py; sourceTree = "<group>"; };
		BEB4567E2BD15BCB007F5EEC /* SplashRepositoryProtocol.swift */ = {isa = PBXFileReference; fileEncoding = 4; lastKnownFileType = sourcecode.swift; path = SplashRepositoryProtocol.swift; sourceTree = "<group>"; };
		BEB456812BD15BCB007F5EEC /* SplashUseCase.swift */ = {isa = PBXFileReference; fileEncoding = 4; lastKnownFileType = sourcecode.swift; path = SplashUseCase.swift; sourceTree = "<group>"; };
		BEB456862BD15C06007F5EEC /* SplashRepository.swift */ = {isa = PBXFileReference; lastKnownFileType = sourcecode.swift; path = SplashRepository.swift; sourceTree = "<group>"; };
		BEB456892BD15ED0007F5EEC /* NetworkMonitor.swift */ = {isa = PBXFileReference; lastKnownFileType = sourcecode.swift; path = NetworkMonitor.swift; sourceTree = "<group>"; };
		BEB4568B2BD16572007F5EEC /* SplashReactor.swift */ = {isa = PBXFileReference; lastKnownFileType = sourcecode.swift; path = SplashReactor.swift; sourceTree = "<group>"; };
		BEDF4E4A2BB709770034FF79 /* Stag.xcconfig */ = {isa = PBXFileReference; fileEncoding = 4; lastKnownFileType = text.xcconfig; path = Stag.xcconfig; sourceTree = "<group>"; };
		BEDF4E4B2BB709770034FF79 /* Dev.xcconfig */ = {isa = PBXFileReference; fileEncoding = 4; lastKnownFileType = text.xcconfig; path = Dev.xcconfig; sourceTree = "<group>"; };
		BEDF4E4C2BB709770034FF79 /* Prod.xcconfig */ = {isa = PBXFileReference; fileEncoding = 4; lastKnownFileType = text.xcconfig; path = Prod.xcconfig; sourceTree = "<group>"; };
		BEDF4E502BB70A0C0034FF79 /* .gitignore */ = {isa = PBXFileReference; fileEncoding = 4; lastKnownFileType = text; path = .gitignore; sourceTree = "<group>"; };
		BEF48D5F2BCA5CEE0056E31E /* SplashViewController.swift */ = {isa = PBXFileReference; lastKnownFileType = sourcecode.swift; path = SplashViewController.swift; sourceTree = "<group>"; };
		BEF48D612BCA5D220056E31E /* SplashErrorViewController.swift */ = {isa = PBXFileReference; lastKnownFileType = sourcecode.swift; path = SplashErrorViewController.swift; sourceTree = "<group>"; };
		BEF8D8172BDFC7880095674D /* TNUrl.swift */ = {isa = PBXFileReference; lastKnownFileType = sourcecode.swift; path = TNUrl.swift; sourceTree = "<group>"; };
/* End PBXFileReference section */

/* Begin PBXFrameworksBuildPhase section */
		BE36CF872BAFF5890017F94E /* Frameworks */ = {
			isa = PBXFrameworksBuildPhase;
			buildActionMask = 2147483647;
			files = (
				482B61182BB5957F00681097 /* RxKakaoSDKUser in Frameworks */,
				482B61112BB5956D00681097 /* KakaoSDKAuth in Frameworks */,
				482B61062BB592D500681097 /* RxCocoa in Frameworks */,
				482B60EF2BB58F3F00681097 /* Kingfisher in Frameworks */,
				482B61162BB5957F00681097 /* RxKakaoSDKAuth in Frameworks */,
				482B611B2BB596CD00681097 /* SwiftKeychainWrapper in Frameworks */,
				482B610B2BB5931200681097 /* ReactorKit in Frameworks */,
				482B61082BB592D500681097 /* RxSwift in Frameworks */,
				482B60F52BB58F9400681097 /* FSCalendar in Frameworks */,
				482B610E2BB5940500681097 /* GoogleSignIn in Frameworks */,
				482B60FE2BB5912E00681097 /* Moya in Frameworks */,
				482B611E2BB598DD00681097 /* Sentry in Frameworks */,
				482B60FB2BB5902A00681097 /* FlexLayout in Frameworks */,
				482B61002BB5912E00681097 /* RxMoya in Frameworks */,
				482B61132BB5956D00681097 /* KakaoSDKUser in Frameworks */,
				482B60F82BB58FF000681097 /* PinLayout in Frameworks */,
				482B60F22BB58F6E00681097 /* SnapKit in Frameworks */,
				482B61232BB599B100681097 /* FirebaseCrashlytics in Frameworks */,
				482B61212BB599B100681097 /* FirebaseAnalytics in Frameworks */,
				482B61032BB591D600681097 /* Swinject in Frameworks */,
			);
			runOnlyForDeploymentPostprocessing = 0;
		};
		BE36CF9D2BAFF58A0017F94E /* Frameworks */ = {
			isa = PBXFrameworksBuildPhase;
			buildActionMask = 2147483647;
			files = (
			);
			runOnlyForDeploymentPostprocessing = 0;
		};
		BE36CFA72BAFF58A0017F94E /* Frameworks */ = {
			isa = PBXFrameworksBuildPhase;
			buildActionMask = 2147483647;
			files = (
			);
			runOnlyForDeploymentPostprocessing = 0;
		};
/* End PBXFrameworksBuildPhase section */

/* Begin PBXGroup section */
		489FE2B82BC00E830033B61D /* Util */ = {
			isa = PBXGroup;
			children = (
				BE9BBC3D2BCA544E006FD848 /* Constant */,
				BE9BBC422BCA551B006FD848 /* Extension */,
			);
			path = Util;
			sourceTree = "<group>";
		};
		489FE2B92BC00EA10033B61D /* Domain */ = {
			isa = PBXGroup;
			children = (
				489FE2D72BC012580033B61D /* Entity */,
				489FE2D62BC012540033B61D /* UseCase */,
				489FE2D52BC012500033B61D /* Interface */,
			);
			path = Domain;
			sourceTree = "<group>";
		};
		489FE2BA2BC00EA90033B61D /* Presentation */ = {
			isa = PBXGroup;
			children = (
				489FE2DC2BC012890033B61D /* CustomView */,
				489FE2D42BC012250033B61D /* Auth */,
			);
			path = Presentation;
			sourceTree = "<group>";
		};
		489FE2BB2BC00EB00033B61D /* Data */ = {
			isa = PBXGroup;
			children = (
				48F55A792BCD43F300303C22 /* Repository */,
				489FE2D32BC012100033B61D /* UserDefaults */,
				489FE2D22BC0120C0033B61D /* Keychain */,
				489FE2D12BC012090033B61D /* Network */,
			);
			path = Data;
			sourceTree = "<group>";
		};
		489FE2BC2BC00EC30033B61D /* Network */ = {
			isa = PBXGroup;
			children = (
			);
			path = Network;
			sourceTree = "<group>";
		};
		489FE2BD2BC00EC90033B61D /* Application */ = {
			isa = PBXGroup;
			children = (
				BE36CF8D2BAFF5890017F94E /* AppDelegate.swift */,
				BE36CF8F2BAFF5890017F94E /* SceneDelegate.swift */,
				489FE2CF2BC011670033B61D /* AppCoordinator.swift */,
			);
			path = Application;
			sourceTree = "<group>";
		};
		489FE2BE2BC00F440033B61D /* Base */ = {
			isa = PBXGroup;
			children = (
				489FE2CD2BC010EB0033B61D /* Coordinator.swift */,
				489FE2C02BC00F700033B61D /* BaseView.swift */,
				489FE2C22BC00F760033B61D /* BaseViewController.swift */,
				489FE2C42BC00F890033B61D /* BaseViewModel.swift */,
				489FE2C62BC00F9F0033B61D /* BaseTableViewCell.swift */,
				489FE2C82BC00FA40033B61D /* BaseCollectionViewCell.swift */,
			);
			path = Base;
			sourceTree = "<group>";
		};
		489FE2BF2BC00F480033B61D /* Font */ = {
			isa = PBXGroup;
			children = (
				BE9BBC072BCA4CCC006FD848 /* Pretendard */,
			);
			path = Font;
			sourceTree = "<group>";
		};
		489FE2D12BC012090033B61D /* Network */ = {
			isa = PBXGroup;
			children = (
			);
			path = Network;
			sourceTree = "<group>";
		};
		489FE2D22BC0120C0033B61D /* Keychain */ = {
			isa = PBXGroup;
			children = (
			);
			path = Keychain;
			sourceTree = "<group>";
		};
		489FE2D32BC012100033B61D /* UserDefaults */ = {
			isa = PBXGroup;
			children = (
			);
			path = UserDefaults;
			sourceTree = "<group>";
		};
		489FE2D42BC012250033B61D /* Auth */ = {
			isa = PBXGroup;
			children = (
				48F55A6E2BCD393300303C22 /* Coordinator */,
				48F55A6D2BCD392F00303C22 /* View */,
				48F55A6C2BCD391500303C22 /* ViewModel */,
				48F55A6B2BCD390F00303C22 /* ViewController */,
			);
			path = Auth;
			sourceTree = "<group>";
		};
		489FE2D52BC012500033B61D /* Interface */ = {
			isa = PBXGroup;
			children = (
				489FE2D82BC012650033B61D /* Repository */,
			);
			path = Interface;
			sourceTree = "<group>";
		};
		489FE2D62BC012540033B61D /* UseCase */ = {
			isa = PBXGroup;
			children = (
				489FE2DA2BC012790033B61D /* Auth */,
			);
			path = UseCase;
			sourceTree = "<group>";
		};
		489FE2D72BC012580033B61D /* Entity */ = {
			isa = PBXGroup;
			children = (
				489FE2DB2BC0127F0033B61D /* Auth */,
			);
			path = Entity;
			sourceTree = "<group>";
		};
		489FE2D82BC012650033B61D /* Repository */ = {
			isa = PBXGroup;
			children = (
				489FE2D92BC012700033B61D /* Auth */,
			);
			path = Repository;
			sourceTree = "<group>";
		};
		489FE2D92BC012700033B61D /* Auth */ = {
			isa = PBXGroup;
			children = (
				48F55A772BCD43AF00303C22 /* LoginRepositoryProtocol.swift */,
			);
			path = Auth;
			sourceTree = "<group>";
		};
		489FE2DA2BC012790033B61D /* Auth */ = {
			isa = PBXGroup;
			children = (
				48F55A752BCD42DD00303C22 /* LoginUseCase.swift */,
			);
			path = Auth;
			sourceTree = "<group>";
		};
		489FE2DB2BC0127F0033B61D /* Auth */ = {
			isa = PBXGroup;
			children = (
			);
			path = Auth;
			sourceTree = "<group>";
		};
		489FE2DC2BC012890033B61D /* CustomView */ = {
			isa = PBXGroup;
			children = (
				480C165C2BEEF7C90085A187 /* SocialLoginButton.swift */,
			);
			path = CustomView;
			sourceTree = "<group>";
		};
		48F55A6B2BCD390F00303C22 /* ViewController */ = {
			isa = PBXGroup;
			children = (
				48F55A712BCD3A6600303C22 /* LoginViewController.swift */,
			);
			path = ViewController;
			sourceTree = "<group>";
		};
		48F55A6C2BCD391500303C22 /* ViewModel */ = {
			isa = PBXGroup;
			children = (
				48F55A732BCD3CEC00303C22 /* LoginViewModel.swift */,
			);
			path = ViewModel;
			sourceTree = "<group>";
		};
		48F55A6D2BCD392F00303C22 /* View */ = {
			isa = PBXGroup;
			children = (
				48F55A6F2BCD39FE00303C22 /* LoginView.swift */,
			);
			path = View;
			sourceTree = "<group>";
		};
		48F55A6E2BCD393300303C22 /* Coordinator */ = {
			isa = PBXGroup;
			children = (
			);
			path = Coordinator;
			sourceTree = "<group>";
		};
		48F55A792BCD43F300303C22 /* Repository */ = {
			isa = PBXGroup;
			children = (
				48F55A7A2BCD43F800303C22 /* Auth */,
			);
			path = Repository;
			sourceTree = "<group>";
		};
		48F55A7A2BCD43F800303C22 /* Auth */ = {
			isa = PBXGroup;
			children = (
				48F55A7B2BCD440600303C22 /* LoginRepository.swift */,
			);
			path = Auth;
			sourceTree = "<group>";
		};
		BE36CF812BAFF5890017F94E = {
			isa = PBXGroup;
			children = (
				BE840DBB2BB95FDB000E67B7 /* .swiftlint.yml */,
				BEDF4E502BB70A0C0034FF79 /* .gitignore */,
				BE36CF8C2BAFF5890017F94E /* TTOON */,
				BE36CFA32BAFF58A0017F94E /* TTOONTests */,
				BE36CFAD2BAFF58A0017F94E /* TTOONUITests */,
				BE36CF8B2BAFF5890017F94E /* Products */,
			);
			sourceTree = "<group>";
		};
		BE36CF8B2BAFF5890017F94E /* Products */ = {
			isa = PBXGroup;
			children = (
				BE36CF8A2BAFF5890017F94E /* TTOON.app */,
				BE36CFA02BAFF58A0017F94E /* TTOONTests.xctest */,
				BE36CFAA2BAFF58A0017F94E /* TTOONUITests.xctest */,
			);
			name = Products;
			sourceTree = "<group>";
		};
		BE36CF8C2BAFF5890017F94E /* TTOON */ = {
			isa = PBXGroup;
			children = (
				48F55A7D2BCD4A6D00303C22 /* TTOON.entitlements */,
				489FE2B82BC00E830033B61D /* Util */,
				BE840DC42BBD9263000E67B7 /* Resource */,
				489FE2BD2BC00EC90033B61D /* Application */,
				BEF48D5C2BCA5CCC0056E31E /* Presentation */,
				BEB4567C2BD15BCB007F5EEC /* Domain */,
				BEB456842BD15BFA007F5EEC /* Data */,
				BEB456882BD15EAB007F5EEC /* Network */,
			);
			path = TTOON;
			sourceTree = "<group>";
		};
		BE36CFA32BAFF58A0017F94E /* TTOONTests */ = {
			isa = PBXGroup;
			children = (
				BE36CFA42BAFF58A0017F94E /* TTOONTests.swift */,
			);
			path = TTOONTests;
			sourceTree = "<group>";
		};
		BE36CFAD2BAFF58A0017F94E /* TTOONUITests */ = {
			isa = PBXGroup;
			children = (
				BE36CFAE2BAFF58A0017F94E /* TTOONUITests.swift */,
				BE36CFB02BAFF58A0017F94E /* TTOONUITestsLaunchTests.swift */,
			);
			path = TTOONUITests;
			sourceTree = "<group>";
		};
		BE7C8C0F2BE8F237005F2FB2 /* API */ = {
			isa = PBXGroup;
			children = (
				BE7C8C102BE8F258005F2FB2 /* APIProvider.swift */,
				BE7C8C142BE8F2F1005F2FB2 /* BaseURL.swift */,
				BE7C8C122BE8F269005F2FB2 /* SplashAPI.swift */,
			);
			path = API;
			sourceTree = "<group>";
		};
		BE840DC42BBD9263000E67B7 /* Resource */ = {
			isa = PBXGroup;
			children = (
				489FE2BF2BC00F480033B61D /* Font */,
				BEA8BB4C2BB86323000F9C15 /* Localization */,
				BEDF4E492BB709770034FF79 /* Config */,
				489FE2BE2BC00F440033B61D /* Base */,
				BE36CF962BAFF58A0017F94E /* Assets.xcassets */,
				BE36CF9B2BAFF58A0017F94E /* Info.plist */,
				BE840DC92BBD9817000E67B7 /* GoogleService-Info.plist */,
			);
			path = Resource;
			sourceTree = "<group>";
		};
		BE9BBC072BCA4CCC006FD848 /* Pretendard */ = {
			isa = PBXGroup;
			children = (
				BE9BBC082BCA5299006FD848 /* Pretendard-Black.otf */,
				BE9BBC092BCA5299006FD848 /* Pretendard-Bold.otf */,
				BE9BBC0A2BCA5299006FD848 /* Pretendard-ExtraBold.otf */,
				BE9BBC0C2BCA5299006FD848 /* Pretendard-ExtraLight.otf */,
				BE9BBC102BCA529A006FD848 /* Pretendard-Light.otf */,
				BE9BBC0E2BCA5299006FD848 /* Pretendard-Medium.otf */,
				BE9BBC0B2BCA5299006FD848 /* Pretendard-Regular.otf */,
				BE9BBC0D2BCA5299006FD848 /* Pretendard-SemiBold.otf */,
				BE9BBC0F2BCA529A006FD848 /* Pretendard-Thin.otf */,
			);
			path = Pretendard;
			sourceTree = "<group>";
		};
		BE9BBC3D2BCA544E006FD848 /* Constant */ = {
			isa = PBXGroup;
			children = (
				BE9BBC3E2BCA5455006FD848 /* TNFont.swift */,
				480C165E2BEEFA9F0085A187 /* SocialLoginType.swift */,
				BE3A3E9C2BCA5F0D00067540 /* TNImage.swift */,
				BEF8D8172BDFC7880095674D /* TNUrl.swift */,
			);
			path = Constant;
			sourceTree = "<group>";
		};
		BE9BBC422BCA551B006FD848 /* Extension */ = {
			isa = PBXGroup;
			children = (
				BE9BBC432BCA552F006FD848 /* UIFont+.swift */,
				BE9BBC482BCA5809006FD848 /* UIColor+.swift */,
			);
			path = Extension;
			sourceTree = "<group>";
		};
		BEA8BB4C2BB86323000F9C15 /* Localization */ = {
			isa = PBXGroup;
			children = (
				BEA8BB552BB86351000F9C15 /* Localizable.strings */,
				BEA8BB572BB86385000F9C15 /* localize.py */,
				BE0132A92BC4306600C9827C /* engaged-code-418809-16024d5258d0.json */,
			);
			path = Localization;
			sourceTree = "<group>";
		};
		BEB4567C2BD15BCB007F5EEC /* Domain */ = {
			isa = PBXGroup;
			children = (
				BEB4567D2BD15BCB007F5EEC /* Interface */,
				BEB4567F2BD15BCB007F5EEC /* Entity */,
				BEB456802BD15BCB007F5EEC /* UseCase */,
			);
			path = Domain;
			sourceTree = "<group>";
		};
		BEB4567D2BD15BCB007F5EEC /* Interface */ = {
			isa = PBXGroup;
			children = (
				BEB4567E2BD15BCB007F5EEC /* SplashRepositoryProtocol.swift */,
			);
			path = Interface;
			sourceTree = "<group>";
		};
		BEB4567F2BD15BCB007F5EEC /* Entity */ = {
			isa = PBXGroup;
			children = (
			);
			path = Entity;
			sourceTree = "<group>";
		};
		BEB456802BD15BCB007F5EEC /* UseCase */ = {
			isa = PBXGroup;
			children = (
				BEB456812BD15BCB007F5EEC /* SplashUseCase.swift */,
			);
			path = UseCase;
			sourceTree = "<group>";
		};
		BEB456842BD15BFA007F5EEC /* Data */ = {
			isa = PBXGroup;
			children = (
				BE7C8C0F2BE8F237005F2FB2 /* API */,
				BEB456852BD15BFA007F5EEC /* Repository */,
			);
			path = Data;
			sourceTree = "<group>";
		};
		BEB456852BD15BFA007F5EEC /* Repository */ = {
			isa = PBXGroup;
			children = (
				BEB456862BD15C06007F5EEC /* SplashRepository.swift */,
			);
			path = Repository;
			sourceTree = "<group>";
		};
		BEB456882BD15EAB007F5EEC /* Network */ = {
			isa = PBXGroup;
			children = (
				BE7C8C162BE8FD50005F2FB2 /* AuthInterceptor.swift */,
				BE7C8C182BE8FD9B005F2FB2 /* LogPlugin.swift */,
				BEB456892BD15ED0007F5EEC /* NetworkMonitor.swift */,
			);
			path = Network;
			sourceTree = "<group>";
		};
		BEDF4E492BB709770034FF79 /* Config */ = {
			isa = PBXGroup;
			children = (
				BEDF4E4B2BB709770034FF79 /* Dev.xcconfig */,
				BEDF4E4A2BB709770034FF79 /* Stag.xcconfig */,
				BEDF4E4C2BB709770034FF79 /* Prod.xcconfig */,
			);
			path = Config;
			sourceTree = "<group>";
		};
		BEF48D5C2BCA5CCC0056E31E /* Presentation */ = {
			isa = PBXGroup;
			children = (
				BEF48D5E2BCA5CD60056E31E /* CustomView */,
				BEF48D5D2BCA5CD10056E31E /* Auth */,
			);
			path = Presentation;
			sourceTree = "<group>";
		};
		BEF48D5D2BCA5CD10056E31E /* Auth */ = {
			isa = PBXGroup;
			children = (
				BEF48D632BCA5D2B0056E31E /* Splash */,
			);
			path = Auth;
			sourceTree = "<group>";
		};
		BEF48D5E2BCA5CD60056E31E /* CustomView */ = {
			isa = PBXGroup;
			children = (
			);
			path = CustomView;
			sourceTree = "<group>";
		};
		BEF48D632BCA5D2B0056E31E /* Splash */ = {
			isa = PBXGroup;
			children = (
				BEB4568B2BD16572007F5EEC /* SplashReactor.swift */,
				BEA33A232BD6AA320065D60C /* SplashErrorReactor.swift */,
				BEF48D5F2BCA5CEE0056E31E /* SplashViewController.swift */,
				BEF48D612BCA5D220056E31E /* SplashErrorViewController.swift */,
			);
			path = Splash;
			sourceTree = "<group>";
		};
/* End PBXGroup section */

/* Begin PBXNativeTarget section */
		BE36CF892BAFF5890017F94E /* TTOON */ = {
			isa = PBXNativeTarget;
			buildConfigurationList = BE36CFB42BAFF58A0017F94E /* Build configuration list for PBXNativeTarget "TTOON" */;
			buildPhases = (
				BE840DBF2BB9622B000E67B7 /* Run Swiftlint */,
				BE36CF862BAFF5890017F94E /* Sources */,
				BE36CF872BAFF5890017F94E /* Frameworks */,
				BE36CF882BAFF5890017F94E /* Resources */,
				482C180E2BB91C4600622CCB /* ShellScript */,
			);
			buildRules = (
			);
			dependencies = (
			);
			name = TTOON;
			packageProductDependencies = (
				482B60EE2BB58F3F00681097 /* Kingfisher */,
				482B60F12BB58F6E00681097 /* SnapKit */,
				482B60F42BB58F9400681097 /* FSCalendar */,
				482B60F72BB58FF000681097 /* PinLayout */,
				482B60FA2BB5902A00681097 /* FlexLayout */,
				482B60FD2BB5912E00681097 /* Moya */,
				482B60FF2BB5912E00681097 /* RxMoya */,
				482B61022BB591D600681097 /* Swinject */,
				482B61052BB592D500681097 /* RxCocoa */,
				482B61072BB592D500681097 /* RxSwift */,
				482B610A2BB5931200681097 /* ReactorKit */,
				482B610D2BB5940500681097 /* GoogleSignIn */,
				482B61102BB5956D00681097 /* KakaoSDKAuth */,
				482B61122BB5956D00681097 /* KakaoSDKUser */,
				482B61152BB5957F00681097 /* RxKakaoSDKAuth */,
				482B61172BB5957F00681097 /* RxKakaoSDKUser */,
				482B611A2BB596CD00681097 /* SwiftKeychainWrapper */,
				482B611D2BB598DD00681097 /* Sentry */,
				482B61202BB599B100681097 /* FirebaseAnalytics */,
				482B61222BB599B100681097 /* FirebaseCrashlytics */,
			);
			productName = TTOON;
			productReference = BE36CF8A2BAFF5890017F94E /* TTOON.app */;
			productType = "com.apple.product-type.application";
		};
		BE36CF9F2BAFF58A0017F94E /* TTOONTests */ = {
			isa = PBXNativeTarget;
			buildConfigurationList = BE36CFB72BAFF58A0017F94E /* Build configuration list for PBXNativeTarget "TTOONTests" */;
			buildPhases = (
				BE36CF9C2BAFF58A0017F94E /* Sources */,
				BE36CF9D2BAFF58A0017F94E /* Frameworks */,
				BE36CF9E2BAFF58A0017F94E /* Resources */,
			);
			buildRules = (
			);
			dependencies = (
				BE36CFA22BAFF58A0017F94E /* PBXTargetDependency */,
			);
			name = TTOONTests;
			productName = TTOONTests;
			productReference = BE36CFA02BAFF58A0017F94E /* TTOONTests.xctest */;
			productType = "com.apple.product-type.bundle.unit-test";
		};
		BE36CFA92BAFF58A0017F94E /* TTOONUITests */ = {
			isa = PBXNativeTarget;
			buildConfigurationList = BE36CFBA2BAFF58A0017F94E /* Build configuration list for PBXNativeTarget "TTOONUITests" */;
			buildPhases = (
				BE36CFA62BAFF58A0017F94E /* Sources */,
				BE36CFA72BAFF58A0017F94E /* Frameworks */,
				BE36CFA82BAFF58A0017F94E /* Resources */,
			);
			buildRules = (
			);
			dependencies = (
				BE36CFAC2BAFF58A0017F94E /* PBXTargetDependency */,
			);
			name = TTOONUITests;
			productName = TTOONUITests;
			productReference = BE36CFAA2BAFF58A0017F94E /* TTOONUITests.xctest */;
			productType = "com.apple.product-type.bundle.ui-testing";
		};
/* End PBXNativeTarget section */

/* Begin PBXProject section */
		BE36CF822BAFF5890017F94E /* Project object */ = {
			isa = PBXProject;
			attributes = {
				BuildIndependentTargetsInParallel = YES;
				LastSwiftUpdateCheck = 1520;
				LastUpgradeCheck = 1520;
				TargetAttributes = {
					BE36CF892BAFF5890017F94E = {
						CreatedOnToolsVersion = 15.2;
					};
					BE36CF9F2BAFF58A0017F94E = {
						CreatedOnToolsVersion = 15.2;
						TestTargetID = BE36CF892BAFF5890017F94E;
					};
					BE36CFA92BAFF58A0017F94E = {
						CreatedOnToolsVersion = 15.2;
						TestTargetID = BE36CF892BAFF5890017F94E;
					};
				};
			};
			buildConfigurationList = BE36CF852BAFF5890017F94E /* Build configuration list for PBXProject "TTOON" */;
			compatibilityVersion = "Xcode 14.0";
			developmentRegion = en;
			hasScannedForEncodings = 0;
			knownRegions = (
				en,
				Base,
				ko,
			);
			mainGroup = BE36CF812BAFF5890017F94E;
			packageReferences = (
				482B60ED2BB58F3F00681097 /* XCRemoteSwiftPackageReference "Kingfisher" */,
				482B60F02BB58F6E00681097 /* XCRemoteSwiftPackageReference "SnapKit" */,
				482B60F32BB58F9400681097 /* XCRemoteSwiftPackageReference "FSCalendar" */,
				482B60F62BB58FF000681097 /* XCRemoteSwiftPackageReference "PinLayout" */,
				482B60F92BB5902A00681097 /* XCRemoteSwiftPackageReference "FlexLayout" */,
				482B60FC2BB5912E00681097 /* XCRemoteSwiftPackageReference "Moya" */,
				482B61012BB591D600681097 /* XCRemoteSwiftPackageReference "Swinject" */,
				482B61042BB592D500681097 /* XCRemoteSwiftPackageReference "RxSwift" */,
				482B61092BB5931200681097 /* XCRemoteSwiftPackageReference "ReactorKit" */,
				482B610C2BB5940500681097 /* XCRemoteSwiftPackageReference "GoogleSignIn-iOS" */,
				482B610F2BB5956D00681097 /* XCRemoteSwiftPackageReference "kakao-ios-sdk" */,
				482B61142BB5957E00681097 /* XCRemoteSwiftPackageReference "kakao-ios-sdk-rx" */,
				482B61192BB596CD00681097 /* XCRemoteSwiftPackageReference "SwiftKeychainWrapper" */,
				482B611C2BB598DC00681097 /* XCRemoteSwiftPackageReference "sentry-cocoa" */,
				482B611F2BB599B100681097 /* XCRemoteSwiftPackageReference "firebase-ios-sdk" */,
			);
			productRefGroup = BE36CF8B2BAFF5890017F94E /* Products */;
			projectDirPath = "";
			projectRoot = "";
			targets = (
				BE36CF892BAFF5890017F94E /* TTOON */,
				BE36CF9F2BAFF58A0017F94E /* TTOONTests */,
				BE36CFA92BAFF58A0017F94E /* TTOONUITests */,
			);
		};
/* End PBXProject section */

/* Begin PBXResourcesBuildPhase section */
		BE36CF882BAFF5890017F94E /* Resources */ = {
			isa = PBXResourcesBuildPhase;
			buildActionMask = 2147483647;
			files = (
				BE9BBC1D2BCA529A006FD848 /* Pretendard-ExtraLight.otf in Resources */,
				BE9BBC142BCA529A006FD848 /* Pretendard-Bold.otf in Resources */,
				BE840DBC2BB95FDB000E67B7 /* .swiftlint.yml in Resources */,
				BE9BBC232BCA529A006FD848 /* Pretendard-Medium.otf in Resources */,
				BE9BBC172BCA529A006FD848 /* Pretendard-ExtraBold.otf in Resources */,
				BEDF4E512BB70A0C0034FF79 /* .gitignore in Resources */,
				480C16582BEEF22B0085A187 /* Prod.xcconfig in Resources */,
				BE9BBC1A2BCA529A006FD848 /* Pretendard-Regular.otf in Resources */,
				480C165A2BEEF22B0085A187 /* Dev.xcconfig in Resources */,
				BE0132AA2BC4306600C9827C /* engaged-code-418809-16024d5258d0.json in Resources */,
				BEDF4E4F2BB709770034FF79 /* Prod.xcconfig in Resources */,
				BE9BBC112BCA529A006FD848 /* Pretendard-Black.otf in Resources */,
				BE9BBC262BCA529A006FD848 /* Pretendard-Thin.otf in Resources */,
				BE36CF972BAFF58A0017F94E /* Assets.xcassets in Resources */,
				BEDF4E4E2BB709770034FF79 /* Dev.xcconfig in Resources */,
				BE840DCA2BBD9817000E67B7 /* GoogleService-Info.plist in Resources */,
				480C16592BEEF22B0085A187 /* Stag.xcconfig in Resources */,
				BE9BBC202BCA529A006FD848 /* Pretendard-SemiBold.otf in Resources */,
				BEA8BB512BB86351000F9C15 /* Localizable.strings in Resources */,
				BEDF4E4D2BB709770034FF79 /* Stag.xcconfig in Resources */,
				BE9BBC292BCA529A006FD848 /* Pretendard-Light.otf in Resources */,
			);
			runOnlyForDeploymentPostprocessing = 0;
		};
		BE36CF9E2BAFF58A0017F94E /* Resources */ = {
			isa = PBXResourcesBuildPhase;
			buildActionMask = 2147483647;
			files = (
				BE9BBC1E2BCA529A006FD848 /* Pretendard-ExtraLight.otf in Resources */,
				BE9BBC272BCA529A006FD848 /* Pretendard-Thin.otf in Resources */,
				BE840DBD2BB95FE5000E67B7 /* .swiftlint.yml in Resources */,
				BE9BBC1B2BCA529A006FD848 /* Pretendard-Regular.otf in Resources */,
				BE9BBC212BCA529A006FD848 /* Pretendard-SemiBold.otf in Resources */,
				BE9BBC2A2BCA529A006FD848 /* Pretendard-Light.otf in Resources */,
				BE9BBC152BCA529A006FD848 /* Pretendard-Bold.otf in Resources */,
				BE9BBC182BCA529A006FD848 /* Pretendard-ExtraBold.otf in Resources */,
				BE9BBC122BCA529A006FD848 /* Pretendard-Black.otf in Resources */,
				BEA8BB522BB86351000F9C15 /* Localizable.strings in Resources */,
				BE9BBC242BCA529A006FD848 /* Pretendard-Medium.otf in Resources */,
			);
			runOnlyForDeploymentPostprocessing = 0;
		};
		BE36CFA82BAFF58A0017F94E /* Resources */ = {
			isa = PBXResourcesBuildPhase;
			buildActionMask = 2147483647;
			files = (
				BE9BBC1F2BCA529A006FD848 /* Pretendard-ExtraLight.otf in Resources */,
				BE9BBC282BCA529A006FD848 /* Pretendard-Thin.otf in Resources */,
				BE840DBE2BB95FE5000E67B7 /* .swiftlint.yml in Resources */,
				BE9BBC1C2BCA529A006FD848 /* Pretendard-Regular.otf in Resources */,
				BE9BBC222BCA529A006FD848 /* Pretendard-SemiBold.otf in Resources */,
				BE9BBC2B2BCA529A006FD848 /* Pretendard-Light.otf in Resources */,
				BE9BBC162BCA529A006FD848 /* Pretendard-Bold.otf in Resources */,
				BE9BBC192BCA529A006FD848 /* Pretendard-ExtraBold.otf in Resources */,
				BE9BBC132BCA529A006FD848 /* Pretendard-Black.otf in Resources */,
				BEA8BB532BB86351000F9C15 /* Localizable.strings in Resources */,
				BE9BBC252BCA529A006FD848 /* Pretendard-Medium.otf in Resources */,
			);
			runOnlyForDeploymentPostprocessing = 0;
		};
/* End PBXResourcesBuildPhase section */

/* Begin PBXShellScriptBuildPhase section */
		482C180E2BB91C4600622CCB /* ShellScript */ = {
			isa = PBXShellScriptBuildPhase;
			buildActionMask = 2147483647;
			files = (
			);
			inputFileListPaths = (
			);
			inputPaths = (
				"${DWARF_DSYM_FOLDER_PATH}/${DWARF_DSYM_FILE_NAME}",
				"${DWARF_DSYM_FOLDER_PATH}/${DWARF_DSYM_FILE_NAME}/Contents/Resources/DWARF/${PRODUCT_NAME}",
				"${DWARF_DSYM_FOLDER_PATH}/${DWARF_DSYM_FILE_NAME}/Contents/Info.plist",
				"$(TARGET_BUILD_DIR)/$(UNLOCALIZED_RESOURCES_FOLDER_PATH)/GoogleService-Info.plist",
				"$(TARGET_BUILD_DIR)/$(EXECUTABLE_PATH)",
			);
			outputFileListPaths = (
			);
			outputPaths = (
			);
			runOnlyForDeploymentPostprocessing = 0;
			shellPath = /bin/sh;
			shellScript = "# Type a script or drag a script file from your workspace to insert its path.\n\"${BUILD_DIR%/Build/*}/SourcePackages/checkouts/firebase-ios-sdk/Crashlytics/run\"\n";
		};
		BE840DBF2BB9622B000E67B7 /* Run Swiftlint */ = {
			isa = PBXShellScriptBuildPhase;
			alwaysOutOfDate = 1;
			buildActionMask = 2147483647;
			files = (
			);
			inputFileListPaths = (
			);
			inputPaths = (
			);
			name = "Run Swiftlint";
			outputFileListPaths = (
			);
			outputPaths = (
			);
			runOnlyForDeploymentPostprocessing = 0;
			shellPath = /bin/sh;
			shellScript = "export PATH=\"$PATH:/opt/homebrew/bin\"\nif which swiftlint > /dev/null; then\n  swiftlint --fix && swiftlint\nelse\n  echo \"warning: SwiftLint not installed, download from https://github.com/realm/SwiftLint\"\nfi\n";
		};
/* End PBXShellScriptBuildPhase section */

/* Begin PBXSourcesBuildPhase section */
		BE36CF862BAFF5890017F94E /* Sources */ = {
			isa = PBXSourcesBuildPhase;
			buildActionMask = 2147483647;
			files = (
				48F55A722BCD3A6600303C22 /* LoginViewController.swift in Sources */,
				BEF48D622BCA5D220056E31E /* SplashErrorViewController.swift in Sources */,
				BE3A3E9D2BCA5F0D00067540 /* TNImage.swift in Sources */,
				BE9BBC442BCA552F006FD848 /* UIFont+.swift in Sources */,
				BEF8D8182BDFC7880095674D /* TNUrl.swift in Sources */,
				489FE2CE2BC010EB0033B61D /* Coordinator.swift in Sources */,
				489FE2C12BC00F700033B61D /* BaseView.swift in Sources */,
				BEB456832BD15BCB007F5EEC /* SplashUseCase.swift in Sources */,
				BE9BBC3F2BCA5455006FD848 /* TNFont.swift in Sources */,
				BEB456822BD15BCB007F5EEC /* SplashRepositoryProtocol.swift in Sources */,
				BEA33A242BD6AA320065D60C /* SplashErrorReactor.swift in Sources */,
				489FE2C92BC00FA40033B61D /* BaseCollectionViewCell.swift in Sources */,
				BE9BBC492BCA5809006FD848 /* UIColor+.swift in Sources */,
				BEB456872BD15C06007F5EEC /* SplashRepository.swift in Sources */,
				BEF48D602BCA5CEE0056E31E /* SplashViewController.swift in Sources */,
				489FE2C52BC00F890033B61D /* BaseViewModel.swift in Sources */,
				480C165D2BEEF7C90085A187 /* SocialLoginButton.swift in Sources */,
				BE7C8C132BE8F269005F2FB2 /* SplashAPI.swift in Sources */,
				48F55A742BCD3CEC00303C22 /* LoginViewModel.swift in Sources */,
				48F55A782BCD43AF00303C22 /* LoginRepositoryProtocol.swift in Sources */,
				489FE2C32BC00F760033B61D /* BaseViewController.swift in Sources */,
				BE7C8C152BE8F2F1005F2FB2 /* BaseURL.swift in Sources */,
				BE36CF8E2BAFF5890017F94E /* AppDelegate.swift in Sources */,
				480C165F2BEEFA9F0085A187 /* SocialLoginType.swift in Sources */,
				BEB4568C2BD16572007F5EEC /* SplashReactor.swift in Sources */,
				BE7C8C192BE8FD9B005F2FB2 /* LogPlugin.swift in Sources */,
				489FE2D02BC011670033B61D /* AppCoordinator.swift in Sources */,
				48F55A702BCD39FE00303C22 /* LoginView.swift in Sources */,
				BE7C8C172BE8FD50005F2FB2 /* AuthInterceptor.swift in Sources */,
				BEB4568A2BD15ED0007F5EEC /* NetworkMonitor.swift in Sources */,
				BE7C8C112BE8F258005F2FB2 /* APIProvider.swift in Sources */,
				489FE2C72BC00F9F0033B61D /* BaseTableViewCell.swift in Sources */,
				BE36CF902BAFF5890017F94E /* SceneDelegate.swift in Sources */,
				48F55A762BCD42DD00303C22 /* LoginUseCase.swift in Sources */,
				48F55A7C2BCD440600303C22 /* LoginRepository.swift in Sources */,
			);
			runOnlyForDeploymentPostprocessing = 0;
		};
		BE36CF9C2BAFF58A0017F94E /* Sources */ = {
			isa = PBXSourcesBuildPhase;
			buildActionMask = 2147483647;
			files = (
				BE9BBC402BCA5455006FD848 /* TNFont.swift in Sources */,
				BE9BBC4A2BCA5809006FD848 /* UIColor+.swift in Sources */,
				BE9BBC452BCA552F006FD848 /* UIFont+.swift in Sources */,
				BE36CFA52BAFF58A0017F94E /* TTOONTests.swift in Sources */,
			);
			runOnlyForDeploymentPostprocessing = 0;
		};
		BE36CFA62BAFF58A0017F94E /* Sources */ = {
			isa = PBXSourcesBuildPhase;
			buildActionMask = 2147483647;
			files = (
				BE9BBC462BCA552F006FD848 /* UIFont+.swift in Sources */,
				BE36CFAF2BAFF58A0017F94E /* TTOONUITests.swift in Sources */,
				BE36CFB12BAFF58A0017F94E /* TTOONUITestsLaunchTests.swift in Sources */,
				BE9BBC412BCA5455006FD848 /* TNFont.swift in Sources */,
				BE9BBC4B2BCA5809006FD848 /* UIColor+.swift in Sources */,
			);
			runOnlyForDeploymentPostprocessing = 0;
		};
/* End PBXSourcesBuildPhase section */

/* Begin PBXTargetDependency section */
		BE36CFA22BAFF58A0017F94E /* PBXTargetDependency */ = {
			isa = PBXTargetDependency;
			target = BE36CF892BAFF5890017F94E /* TTOON */;
			targetProxy = BE36CFA12BAFF58A0017F94E /* PBXContainerItemProxy */;
		};
		BE36CFAC2BAFF58A0017F94E /* PBXTargetDependency */ = {
			isa = PBXTargetDependency;
			target = BE36CF892BAFF5890017F94E /* TTOON */;
			targetProxy = BE36CFAB2BAFF58A0017F94E /* PBXContainerItemProxy */;
		};
/* End PBXTargetDependency section */

/* Begin PBXVariantGroup section */
		BEA8BB552BB86351000F9C15 /* Localizable.strings */ = {
			isa = PBXVariantGroup;
			children = (
				BEA8BB542BB86351000F9C15 /* en */,
				BEA8BB562BB86361000F9C15 /* ko */,
			);
			name = Localizable.strings;
			sourceTree = "<group>";
		};
/* End PBXVariantGroup section */

/* Begin XCBuildConfiguration section */
		BE36CFB22BAFF58A0017F94E /* DEV */ = {
			isa = XCBuildConfiguration;
			baseConfigurationReference = BEDF4E4B2BB709770034FF79 /* Dev.xcconfig */;
			buildSettings = {
				ALWAYS_SEARCH_USER_PATHS = NO;
				ASSETCATALOG_COMPILER_GENERATE_SWIFT_ASSET_SYMBOL_EXTENSIONS = YES;
				CLANG_ANALYZER_LOCALIZABILITY_NONLOCALIZED = YES;
				CLANG_ANALYZER_NONNULL = YES;
				CLANG_ANALYZER_NUMBER_OBJECT_CONVERSION = YES_AGGRESSIVE;
				CLANG_CXX_LANGUAGE_STANDARD = "gnu++20";
				CLANG_ENABLE_MODULES = YES;
				CLANG_ENABLE_OBJC_ARC = YES;
				CLANG_ENABLE_OBJC_WEAK = YES;
				CLANG_WARN_BLOCK_CAPTURE_AUTORELEASING = YES;
				CLANG_WARN_BOOL_CONVERSION = YES;
				CLANG_WARN_COMMA = YES;
				CLANG_WARN_CONSTANT_CONVERSION = YES;
				CLANG_WARN_DEPRECATED_OBJC_IMPLEMENTATIONS = YES;
				CLANG_WARN_DIRECT_OBJC_ISA_USAGE = YES_ERROR;
				CLANG_WARN_DOCUMENTATION_COMMENTS = YES;
				CLANG_WARN_EMPTY_BODY = YES;
				CLANG_WARN_ENUM_CONVERSION = YES;
				CLANG_WARN_INFINITE_RECURSION = YES;
				CLANG_WARN_INT_CONVERSION = YES;
				CLANG_WARN_NON_LITERAL_NULL_CONVERSION = YES;
				CLANG_WARN_OBJC_IMPLICIT_RETAIN_SELF = YES;
				CLANG_WARN_OBJC_LITERAL_CONVERSION = YES;
				CLANG_WARN_OBJC_ROOT_CLASS = YES_ERROR;
				CLANG_WARN_QUOTED_INCLUDE_IN_FRAMEWORK_HEADER = YES;
				CLANG_WARN_RANGE_LOOP_ANALYSIS = YES;
				CLANG_WARN_STRICT_PROTOTYPES = YES;
				CLANG_WARN_SUSPICIOUS_MOVE = YES;
				CLANG_WARN_UNGUARDED_AVAILABILITY = YES_AGGRESSIVE;
				CLANG_WARN_UNREACHABLE_CODE = YES;
				CLANG_WARN__DUPLICATE_METHOD_MATCH = YES;
				COPY_PHASE_STRIP = NO;
				DEBUG_INFORMATION_FORMAT = dwarf;
				ENABLE_STRICT_OBJC_MSGSEND = YES;
				ENABLE_TESTABILITY = YES;
				ENABLE_USER_SCRIPT_SANDBOXING = YES;
				GCC_C_LANGUAGE_STANDARD = gnu17;
				GCC_DYNAMIC_NO_PIC = NO;
				GCC_NO_COMMON_BLOCKS = YES;
				GCC_OPTIMIZATION_LEVEL = 0;
				GCC_PREPROCESSOR_DEFINITIONS = (
					"DEBUG=1",
					"$(inherited)",
				);
				GCC_WARN_64_TO_32_BIT_CONVERSION = YES;
				GCC_WARN_ABOUT_RETURN_TYPE = YES_ERROR;
				GCC_WARN_UNDECLARED_SELECTOR = YES;
				GCC_WARN_UNINITIALIZED_AUTOS = YES_AGGRESSIVE;
				GCC_WARN_UNUSED_FUNCTION = YES;
				GCC_WARN_UNUSED_VARIABLE = YES;
				IPHONEOS_DEPLOYMENT_TARGET = 16.0;
				LOCALIZATION_PREFERS_STRING_CATALOGS = YES;
				MTL_ENABLE_DEBUG_INFO = INCLUDE_SOURCE;
				MTL_FAST_MATH = YES;
				ONLY_ACTIVE_ARCH = YES;
				SDKROOT = iphoneos;
				SWIFT_ACTIVE_COMPILATION_CONDITIONS = "DEBUG $(inherited)";
				SWIFT_OPTIMIZATION_LEVEL = "-Onone";
			};
			name = DEV;
		};
		BE36CFB32BAFF58A0017F94E /* PROD */ = {
			isa = XCBuildConfiguration;
			baseConfigurationReference = BEDF4E4C2BB709770034FF79 /* Prod.xcconfig */;
			buildSettings = {
				ALWAYS_SEARCH_USER_PATHS = NO;
				ASSETCATALOG_COMPILER_GENERATE_SWIFT_ASSET_SYMBOL_EXTENSIONS = YES;
				CLANG_ANALYZER_LOCALIZABILITY_NONLOCALIZED = YES;
				CLANG_ANALYZER_NONNULL = YES;
				CLANG_ANALYZER_NUMBER_OBJECT_CONVERSION = YES_AGGRESSIVE;
				CLANG_CXX_LANGUAGE_STANDARD = "gnu++20";
				CLANG_ENABLE_MODULES = YES;
				CLANG_ENABLE_OBJC_ARC = YES;
				CLANG_ENABLE_OBJC_WEAK = YES;
				CLANG_WARN_BLOCK_CAPTURE_AUTORELEASING = YES;
				CLANG_WARN_BOOL_CONVERSION = YES;
				CLANG_WARN_COMMA = YES;
				CLANG_WARN_CONSTANT_CONVERSION = YES;
				CLANG_WARN_DEPRECATED_OBJC_IMPLEMENTATIONS = YES;
				CLANG_WARN_DIRECT_OBJC_ISA_USAGE = YES_ERROR;
				CLANG_WARN_DOCUMENTATION_COMMENTS = YES;
				CLANG_WARN_EMPTY_BODY = YES;
				CLANG_WARN_ENUM_CONVERSION = YES;
				CLANG_WARN_INFINITE_RECURSION = YES;
				CLANG_WARN_INT_CONVERSION = YES;
				CLANG_WARN_NON_LITERAL_NULL_CONVERSION = YES;
				CLANG_WARN_OBJC_IMPLICIT_RETAIN_SELF = YES;
				CLANG_WARN_OBJC_LITERAL_CONVERSION = YES;
				CLANG_WARN_OBJC_ROOT_CLASS = YES_ERROR;
				CLANG_WARN_QUOTED_INCLUDE_IN_FRAMEWORK_HEADER = YES;
				CLANG_WARN_RANGE_LOOP_ANALYSIS = YES;
				CLANG_WARN_STRICT_PROTOTYPES = YES;
				CLANG_WARN_SUSPICIOUS_MOVE = YES;
				CLANG_WARN_UNGUARDED_AVAILABILITY = YES_AGGRESSIVE;
				CLANG_WARN_UNREACHABLE_CODE = YES;
				CLANG_WARN__DUPLICATE_METHOD_MATCH = YES;
				COPY_PHASE_STRIP = NO;
				DEBUG_INFORMATION_FORMAT = "dwarf-with-dsym";
				ENABLE_NS_ASSERTIONS = NO;
				ENABLE_STRICT_OBJC_MSGSEND = YES;
				ENABLE_USER_SCRIPT_SANDBOXING = YES;
				GCC_C_LANGUAGE_STANDARD = gnu17;
				GCC_NO_COMMON_BLOCKS = YES;
				GCC_WARN_64_TO_32_BIT_CONVERSION = YES;
				GCC_WARN_ABOUT_RETURN_TYPE = YES_ERROR;
				GCC_WARN_UNDECLARED_SELECTOR = YES;
				GCC_WARN_UNINITIALIZED_AUTOS = YES_AGGRESSIVE;
				GCC_WARN_UNUSED_FUNCTION = YES;
				GCC_WARN_UNUSED_VARIABLE = YES;
				IPHONEOS_DEPLOYMENT_TARGET = 16.0;
				LOCALIZATION_PREFERS_STRING_CATALOGS = YES;
				MTL_ENABLE_DEBUG_INFO = NO;
				MTL_FAST_MATH = YES;
				SDKROOT = iphoneos;
				SWIFT_COMPILATION_MODE = wholemodule;
				VALIDATE_PRODUCT = YES;
			};
			name = PROD;
		};
		BE36CFB52BAFF58A0017F94E /* DEV */ = {
			isa = XCBuildConfiguration;
			baseConfigurationReference = BEDF4E4B2BB709770034FF79 /* Dev.xcconfig */;
			buildSettings = {
				ASSETCATALOG_COMPILER_APPICON_NAME = AppIcon;
				ASSETCATALOG_COMPILER_GLOBAL_ACCENT_COLOR_NAME = AccentColor;
				CODE_SIGN_ENTITLEMENTS = TTOON/TTOON.entitlements;
				CODE_SIGN_IDENTITY = "Apple Development";
				CODE_SIGN_STYLE = Automatic;
				CURRENT_PROJECT_VERSION = 1;
				DEBUG_INFORMATION_FORMAT = "dwarf-with-dsym";
				DEVELOPMENT_TEAM = 2S9WHYP486;
				ENABLE_USER_SCRIPT_SANDBOXING = NO;
				GENERATE_INFOPLIST_FILE = YES;
				INFOPLIST_FILE = TTOON/Resource/Info.plist;
				INFOPLIST_KEY_CFBundleDisplayName = "$(APP_NAME)";
				INFOPLIST_KEY_UIApplicationSupportsIndirectInputEvents = YES;
				INFOPLIST_KEY_UILaunchStoryboardName = SplashErrorViewController;
				INFOPLIST_KEY_UISupportedInterfaceOrientations_iPad = "UIInterfaceOrientationPortrait UIInterfaceOrientationPortraitUpsideDown UIInterfaceOrientationLandscapeLeft UIInterfaceOrientationLandscapeRight";
				INFOPLIST_KEY_UISupportedInterfaceOrientations_iPhone = "UIInterfaceOrientationPortrait UIInterfaceOrientationLandscapeLeft UIInterfaceOrientationLandscapeRight";
				IPHONEOS_DEPLOYMENT_TARGET = 16.0;
				LD_RUNPATH_SEARCH_PATHS = (
					"$(inherited)",
					"@executable_path/Frameworks",
				);
				MARKETING_VERSION = "$(APP_VERSION)";
				PRODUCT_BUNDLE_IDENTIFIER = "$(BUNDLE_IDENTIFIER)";
				PRODUCT_NAME = "$(TARGET_NAME)";
				SWIFT_ACTIVE_COMPILATION_CONDITIONS = DEV;
				PROVISIONING_PROFILE_SPECIFIER = "";
				SWIFT_EMIT_LOC_STRINGS = YES;
				SWIFT_VERSION = 5.0;
				TARGETED_DEVICE_FAMILY = "1,2";
			};
			name = DEV;
		};
		BE36CFB62BAFF58A0017F94E /* PROD */ = {
			isa = XCBuildConfiguration;
			baseConfigurationReference = BEDF4E4C2BB709770034FF79 /* Prod.xcconfig */;
			buildSettings = {
				ASSETCATALOG_COMPILER_APPICON_NAME = AppIcon;
				ASSETCATALOG_COMPILER_GLOBAL_ACCENT_COLOR_NAME = AccentColor;
				CODE_SIGN_ENTITLEMENTS = TTOON/TTOON.entitlements;
				CODE_SIGN_STYLE = Automatic;
				CURRENT_PROJECT_VERSION = 1;
				DEVELOPMENT_TEAM = 2S9WHYP486;
				ENABLE_USER_SCRIPT_SANDBOXING = NO;
				GENERATE_INFOPLIST_FILE = YES;
				INFOPLIST_FILE = TTOON/Resource/Info.plist;
				INFOPLIST_KEY_CFBundleDisplayName = "$(APP_NAME)";
				INFOPLIST_KEY_UIApplicationSupportsIndirectInputEvents = YES;
				INFOPLIST_KEY_UILaunchStoryboardName = SplashErrorViewController;
				INFOPLIST_KEY_UISupportedInterfaceOrientations_iPad = "UIInterfaceOrientationPortrait UIInterfaceOrientationPortraitUpsideDown UIInterfaceOrientationLandscapeLeft UIInterfaceOrientationLandscapeRight";
				INFOPLIST_KEY_UISupportedInterfaceOrientations_iPhone = "UIInterfaceOrientationPortrait UIInterfaceOrientationLandscapeLeft UIInterfaceOrientationLandscapeRight";
				IPHONEOS_DEPLOYMENT_TARGET = 16.0;
				LD_RUNPATH_SEARCH_PATHS = (
					"$(inherited)",
					"@executable_path/Frameworks",
				);
				MARKETING_VERSION = "$(APP_VERSION)";
				PRODUCT_BUNDLE_IDENTIFIER = "$(BUNDLE_IDENTIFIER)";
				PRODUCT_NAME = "$(TARGET_NAME)";
				SWIFT_ACTIVE_COMPILATION_CONDITIONS = PROD;
				SWIFT_EMIT_LOC_STRINGS = YES;
				SWIFT_VERSION = 5.0;
				TARGETED_DEVICE_FAMILY = "1,2";
			};
			name = PROD;
		};
		BE36CFB82BAFF58A0017F94E /* DEV */ = {
			isa = XCBuildConfiguration;
			baseConfigurationReference = BEDF4E4B2BB709770034FF79 /* Dev.xcconfig */;
			buildSettings = {
				ALWAYS_EMBED_SWIFT_STANDARD_LIBRARIES = YES;
				BUNDLE_LOADER = "$(TEST_HOST)";
				CODE_SIGN_STYLE = Automatic;
				CURRENT_PROJECT_VERSION = 1;
				GENERATE_INFOPLIST_FILE = YES;
				IPHONEOS_DEPLOYMENT_TARGET = 17.2;
				MARKETING_VERSION = 1.0;
				PRODUCT_BUNDLE_IDENTIFIER = com.TTOONTests;
				PRODUCT_NAME = "$(TARGET_NAME)";
				SWIFT_EMIT_LOC_STRINGS = NO;
				SWIFT_VERSION = 5.0;
				TARGETED_DEVICE_FAMILY = "1,2";
				TEST_HOST = "$(BUILT_PRODUCTS_DIR)/TTOON.app/$(BUNDLE_EXECUTABLE_FOLDER_PATH)/TTOON";
			};
			name = DEV;
		};
		BE36CFB92BAFF58A0017F94E /* PROD */ = {
			isa = XCBuildConfiguration;
			baseConfigurationReference = BEDF4E4C2BB709770034FF79 /* Prod.xcconfig */;
			buildSettings = {
				ALWAYS_EMBED_SWIFT_STANDARD_LIBRARIES = YES;
				BUNDLE_LOADER = "$(TEST_HOST)";
				CODE_SIGN_STYLE = Automatic;
				CURRENT_PROJECT_VERSION = 1;
				GENERATE_INFOPLIST_FILE = YES;
				IPHONEOS_DEPLOYMENT_TARGET = 17.2;
				MARKETING_VERSION = 1.0;
				PRODUCT_BUNDLE_IDENTIFIER = com.TTOONTests;
				PRODUCT_NAME = "$(TARGET_NAME)";
				SWIFT_EMIT_LOC_STRINGS = NO;
				SWIFT_VERSION = 5.0;
				TARGETED_DEVICE_FAMILY = "1,2";
				TEST_HOST = "$(BUILT_PRODUCTS_DIR)/TTOON.app/$(BUNDLE_EXECUTABLE_FOLDER_PATH)/TTOON";
			};
			name = PROD;
		};
		BE36CFBB2BAFF58A0017F94E /* DEV */ = {
			isa = XCBuildConfiguration;
			baseConfigurationReference = BEDF4E4B2BB709770034FF79 /* Dev.xcconfig */;
			buildSettings = {
				ALWAYS_EMBED_SWIFT_STANDARD_LIBRARIES = YES;
				CODE_SIGN_STYLE = Automatic;
				CURRENT_PROJECT_VERSION = 1;
				GENERATE_INFOPLIST_FILE = YES;
				MARKETING_VERSION = 1.0;
				PRODUCT_BUNDLE_IDENTIFIER = com.TTOONUITests;
				PRODUCT_NAME = "$(TARGET_NAME)";
				SWIFT_EMIT_LOC_STRINGS = NO;
				SWIFT_VERSION = 5.0;
				TARGETED_DEVICE_FAMILY = "1,2";
				TEST_TARGET_NAME = TTOON;
			};
			name = DEV;
		};
		BE36CFBC2BAFF58A0017F94E /* PROD */ = {
			isa = XCBuildConfiguration;
			baseConfigurationReference = BEDF4E4C2BB709770034FF79 /* Prod.xcconfig */;
			buildSettings = {
				ALWAYS_EMBED_SWIFT_STANDARD_LIBRARIES = YES;
				CODE_SIGN_STYLE = Automatic;
				CURRENT_PROJECT_VERSION = 1;
				GENERATE_INFOPLIST_FILE = YES;
				MARKETING_VERSION = 1.0;
				PRODUCT_BUNDLE_IDENTIFIER = com.TTOONUITests;
				PRODUCT_NAME = "$(TARGET_NAME)";
				SWIFT_EMIT_LOC_STRINGS = NO;
				SWIFT_VERSION = 5.0;
				TARGETED_DEVICE_FAMILY = "1,2";
				TEST_TARGET_NAME = TTOON;
			};
			name = PROD;
		};
		BEFECEEF2BC6B2E10023B37C /* STAG */ = {
			isa = XCBuildConfiguration;
			baseConfigurationReference = BEDF4E4A2BB709770034FF79 /* Stag.xcconfig */;
			buildSettings = {
				ALWAYS_SEARCH_USER_PATHS = NO;
				ASSETCATALOG_COMPILER_GENERATE_SWIFT_ASSET_SYMBOL_EXTENSIONS = YES;
				CLANG_ANALYZER_LOCALIZABILITY_NONLOCALIZED = YES;
				CLANG_ANALYZER_NONNULL = YES;
				CLANG_ANALYZER_NUMBER_OBJECT_CONVERSION = YES_AGGRESSIVE;
				CLANG_CXX_LANGUAGE_STANDARD = "gnu++20";
				CLANG_ENABLE_MODULES = YES;
				CLANG_ENABLE_OBJC_ARC = YES;
				CLANG_ENABLE_OBJC_WEAK = YES;
				CLANG_WARN_BLOCK_CAPTURE_AUTORELEASING = YES;
				CLANG_WARN_BOOL_CONVERSION = YES;
				CLANG_WARN_COMMA = YES;
				CLANG_WARN_CONSTANT_CONVERSION = YES;
				CLANG_WARN_DEPRECATED_OBJC_IMPLEMENTATIONS = YES;
				CLANG_WARN_DIRECT_OBJC_ISA_USAGE = YES_ERROR;
				CLANG_WARN_DOCUMENTATION_COMMENTS = YES;
				CLANG_WARN_EMPTY_BODY = YES;
				CLANG_WARN_ENUM_CONVERSION = YES;
				CLANG_WARN_INFINITE_RECURSION = YES;
				CLANG_WARN_INT_CONVERSION = YES;
				CLANG_WARN_NON_LITERAL_NULL_CONVERSION = YES;
				CLANG_WARN_OBJC_IMPLICIT_RETAIN_SELF = YES;
				CLANG_WARN_OBJC_LITERAL_CONVERSION = YES;
				CLANG_WARN_OBJC_ROOT_CLASS = YES_ERROR;
				CLANG_WARN_QUOTED_INCLUDE_IN_FRAMEWORK_HEADER = YES;
				CLANG_WARN_RANGE_LOOP_ANALYSIS = YES;
				CLANG_WARN_STRICT_PROTOTYPES = YES;
				CLANG_WARN_SUSPICIOUS_MOVE = YES;
				CLANG_WARN_UNGUARDED_AVAILABILITY = YES_AGGRESSIVE;
				CLANG_WARN_UNREACHABLE_CODE = YES;
				CLANG_WARN__DUPLICATE_METHOD_MATCH = YES;
				COPY_PHASE_STRIP = NO;
				DEBUG_INFORMATION_FORMAT = dwarf;
				ENABLE_STRICT_OBJC_MSGSEND = YES;
				ENABLE_TESTABILITY = YES;
				ENABLE_USER_SCRIPT_SANDBOXING = YES;
				GCC_C_LANGUAGE_STANDARD = gnu17;
				GCC_DYNAMIC_NO_PIC = NO;
				GCC_NO_COMMON_BLOCKS = YES;
				GCC_OPTIMIZATION_LEVEL = 0;
				GCC_PREPROCESSOR_DEFINITIONS = (
					"DEBUG=1",
					"$(inherited)",
				);
				GCC_WARN_64_TO_32_BIT_CONVERSION = YES;
				GCC_WARN_ABOUT_RETURN_TYPE = YES_ERROR;
				GCC_WARN_UNDECLARED_SELECTOR = YES;
				GCC_WARN_UNINITIALIZED_AUTOS = YES_AGGRESSIVE;
				GCC_WARN_UNUSED_FUNCTION = YES;
				GCC_WARN_UNUSED_VARIABLE = YES;
				IPHONEOS_DEPLOYMENT_TARGET = 16.0;
				LOCALIZATION_PREFERS_STRING_CATALOGS = YES;
				MTL_ENABLE_DEBUG_INFO = INCLUDE_SOURCE;
				MTL_FAST_MATH = YES;
				ONLY_ACTIVE_ARCH = YES;
				SDKROOT = iphoneos;
				SWIFT_ACTIVE_COMPILATION_CONDITIONS = "DEBUG $(inherited)";
				SWIFT_OPTIMIZATION_LEVEL = "-Onone";
			};
			name = STAG;
		};
		BEFECEF02BC6B2E10023B37C /* STAG */ = {
			isa = XCBuildConfiguration;
			baseConfigurationReference = BEDF4E4A2BB709770034FF79 /* Stag.xcconfig */;
			buildSettings = {
				ASSETCATALOG_COMPILER_APPICON_NAME = AppIcon;
				ASSETCATALOG_COMPILER_GLOBAL_ACCENT_COLOR_NAME = AccentColor;
				CODE_SIGN_ENTITLEMENTS = TTOON/TTOON.entitlements;
				CODE_SIGN_STYLE = Automatic;
				CURRENT_PROJECT_VERSION = 1;
				DEBUG_INFORMATION_FORMAT = "dwarf-with-dsym";
				DEVELOPMENT_TEAM = 2S9WHYP486;
				ENABLE_USER_SCRIPT_SANDBOXING = NO;
				GENERATE_INFOPLIST_FILE = YES;
				INFOPLIST_FILE = TTOON/Resource/Info.plist;
				INFOPLIST_KEY_CFBundleDisplayName = "$(APP_NAME)";
				INFOPLIST_KEY_UIApplicationSupportsIndirectInputEvents = YES;
				INFOPLIST_KEY_UILaunchStoryboardName = SplashErrorViewController;
				INFOPLIST_KEY_UISupportedInterfaceOrientations_iPad = "UIInterfaceOrientationPortrait UIInterfaceOrientationPortraitUpsideDown UIInterfaceOrientationLandscapeLeft UIInterfaceOrientationLandscapeRight";
				INFOPLIST_KEY_UISupportedInterfaceOrientations_iPhone = "UIInterfaceOrientationPortrait UIInterfaceOrientationLandscapeLeft UIInterfaceOrientationLandscapeRight";
				IPHONEOS_DEPLOYMENT_TARGET = 16.0;
				LD_RUNPATH_SEARCH_PATHS = (
					"$(inherited)",
					"@executable_path/Frameworks",
				);
				MARKETING_VERSION = "$(APP_VERSION)";
				PRODUCT_BUNDLE_IDENTIFIER = "$(BUNDLE_IDENTIFIER)";
				PRODUCT_NAME = "$(TARGET_NAME)";
				SWIFT_ACTIVE_COMPILATION_CONDITIONS = STAG;
				SWIFT_EMIT_LOC_STRINGS = YES;
				SWIFT_VERSION = 5.0;
				TARGETED_DEVICE_FAMILY = "1,2";
			};
			name = STAG;
		};
		BEFECEF12BC6B2E10023B37C /* STAG */ = {
			isa = XCBuildConfiguration;
			baseConfigurationReference = BEDF4E4A2BB709770034FF79 /* Stag.xcconfig */;
			buildSettings = {
				ALWAYS_EMBED_SWIFT_STANDARD_LIBRARIES = YES;
				BUNDLE_LOADER = "$(TEST_HOST)";
				CODE_SIGN_STYLE = Automatic;
				CURRENT_PROJECT_VERSION = 1;
				GENERATE_INFOPLIST_FILE = YES;
				IPHONEOS_DEPLOYMENT_TARGET = 17.2;
				MARKETING_VERSION = 1.0;
				PRODUCT_BUNDLE_IDENTIFIER = com.TTOONTests;
				PRODUCT_NAME = "$(TARGET_NAME)";
				SWIFT_EMIT_LOC_STRINGS = NO;
				SWIFT_VERSION = 5.0;
				TARGETED_DEVICE_FAMILY = "1,2";
				TEST_HOST = "$(BUILT_PRODUCTS_DIR)/TTOON.app/$(BUNDLE_EXECUTABLE_FOLDER_PATH)/TTOON";
			};
			name = STAG;
		};
		BEFECEF22BC6B2E10023B37C /* STAG */ = {
			isa = XCBuildConfiguration;
			baseConfigurationReference = BEDF4E4A2BB709770034FF79 /* Stag.xcconfig */;
			buildSettings = {
				ALWAYS_EMBED_SWIFT_STANDARD_LIBRARIES = YES;
				CODE_SIGN_STYLE = Automatic;
				CURRENT_PROJECT_VERSION = 1;
				GENERATE_INFOPLIST_FILE = YES;
				MARKETING_VERSION = 1.0;
				PRODUCT_BUNDLE_IDENTIFIER = com.TTOONUITests;
				PRODUCT_NAME = "$(TARGET_NAME)";
				SWIFT_EMIT_LOC_STRINGS = NO;
				SWIFT_VERSION = 5.0;
				TARGETED_DEVICE_FAMILY = "1,2";
				TEST_TARGET_NAME = TTOON;
			};
			name = STAG;
		};
/* End XCBuildConfiguration section */

/* Begin XCConfigurationList section */
		BE36CF852BAFF5890017F94E /* Build configuration list for PBXProject "TTOON" */ = {
			isa = XCConfigurationList;
			buildConfigurations = (
				BE36CFB22BAFF58A0017F94E /* DEV */,
				BEFECEEF2BC6B2E10023B37C /* STAG */,
				BE36CFB32BAFF58A0017F94E /* PROD */,
			);
			defaultConfigurationIsVisible = 0;
			defaultConfigurationName = DEV;
		};
		BE36CFB42BAFF58A0017F94E /* Build configuration list for PBXNativeTarget "TTOON" */ = {
			isa = XCConfigurationList;
			buildConfigurations = (
				BE36CFB52BAFF58A0017F94E /* DEV */,
				BEFECEF02BC6B2E10023B37C /* STAG */,
				BE36CFB62BAFF58A0017F94E /* PROD */,
			);
			defaultConfigurationIsVisible = 0;
			defaultConfigurationName = DEV;
		};
		BE36CFB72BAFF58A0017F94E /* Build configuration list for PBXNativeTarget "TTOONTests" */ = {
			isa = XCConfigurationList;
			buildConfigurations = (
				BE36CFB82BAFF58A0017F94E /* DEV */,
				BEFECEF12BC6B2E10023B37C /* STAG */,
				BE36CFB92BAFF58A0017F94E /* PROD */,
			);
			defaultConfigurationIsVisible = 0;
			defaultConfigurationName = DEV;
		};
		BE36CFBA2BAFF58A0017F94E /* Build configuration list for PBXNativeTarget "TTOONUITests" */ = {
			isa = XCConfigurationList;
			buildConfigurations = (
				BE36CFBB2BAFF58A0017F94E /* DEV */,
				BEFECEF22BC6B2E10023B37C /* STAG */,
				BE36CFBC2BAFF58A0017F94E /* PROD */,
			);
			defaultConfigurationIsVisible = 0;
			defaultConfigurationName = DEV;
		};
/* End XCConfigurationList section */

/* Begin XCRemoteSwiftPackageReference section */
		482B60ED2BB58F3F00681097 /* XCRemoteSwiftPackageReference "Kingfisher" */ = {
			isa = XCRemoteSwiftPackageReference;
			repositoryURL = "https://github.com/onevcat/Kingfisher";
			requirement = {
				kind = upToNextMajorVersion;
				minimumVersion = 7.11.0;
			};
		};
		482B60F02BB58F6E00681097 /* XCRemoteSwiftPackageReference "SnapKit" */ = {
			isa = XCRemoteSwiftPackageReference;
			repositoryURL = "https://github.com/SnapKit/SnapKit";
			requirement = {
				kind = upToNextMajorVersion;
				minimumVersion = 5.7.1;
			};
		};
		482B60F32BB58F9400681097 /* XCRemoteSwiftPackageReference "FSCalendar" */ = {
			isa = XCRemoteSwiftPackageReference;
			repositoryURL = "https://github.com/WenchaoD/FSCalendar";
			requirement = {
				kind = upToNextMajorVersion;
				minimumVersion = 2.8.4;
			};
		};
		482B60F62BB58FF000681097 /* XCRemoteSwiftPackageReference "PinLayout" */ = {
			isa = XCRemoteSwiftPackageReference;
			repositoryURL = "https://github.com/layoutBox/PinLayout";
			requirement = {
				kind = upToNextMajorVersion;
				minimumVersion = 1.10.5;
			};
		};
		482B60F92BB5902A00681097 /* XCRemoteSwiftPackageReference "FlexLayout" */ = {
			isa = XCRemoteSwiftPackageReference;
			repositoryURL = "https://github.com/layoutBox/FlexLayout.git";
			requirement = {
				kind = upToNextMajorVersion;
				minimumVersion = 2.0.7;
			};
		};
		482B60FC2BB5912E00681097 /* XCRemoteSwiftPackageReference "Moya" */ = {
			isa = XCRemoteSwiftPackageReference;
			repositoryURL = "https://github.com/Moya/Moya.git";
			requirement = {
				kind = upToNextMajorVersion;
				minimumVersion = 15.0.3;
			};
		};
		482B61012BB591D600681097 /* XCRemoteSwiftPackageReference "Swinject" */ = {
			isa = XCRemoteSwiftPackageReference;
			repositoryURL = "https://github.com/Swinject/Swinject.git";
			requirement = {
				kind = upToNextMajorVersion;
				minimumVersion = 2.8.4;
			};
		};
		482B61042BB592D500681097 /* XCRemoteSwiftPackageReference "RxSwift" */ = {
			isa = XCRemoteSwiftPackageReference;
			repositoryURL = "https://github.com/ReactiveX/RxSwift.git";
			requirement = {
				kind = upToNextMajorVersion;
				minimumVersion = 6.6.0;
			};
		};
		482B61092BB5931200681097 /* XCRemoteSwiftPackageReference "ReactorKit" */ = {
			isa = XCRemoteSwiftPackageReference;
			repositoryURL = "https://github.com/ReactorKit/ReactorKit.git";
			requirement = {
				kind = upToNextMajorVersion;
				minimumVersion = 3.2.0;
			};
		};
		482B610C2BB5940500681097 /* XCRemoteSwiftPackageReference "GoogleSignIn-iOS" */ = {
			isa = XCRemoteSwiftPackageReference;
			repositoryURL = "https://github.com/google/GoogleSignIn-iOS";
			requirement = {
				kind = upToNextMajorVersion;
				minimumVersion = 7.1.0;
			};
		};
		482B610F2BB5956D00681097 /* XCRemoteSwiftPackageReference "kakao-ios-sdk" */ = {
			isa = XCRemoteSwiftPackageReference;
			repositoryURL = "https://github.com/kakao/kakao-ios-sdk.git";
			requirement = {
				kind = upToNextMajorVersion;
				minimumVersion = 2.22.0;
			};
		};
		482B61142BB5957E00681097 /* XCRemoteSwiftPackageReference "kakao-ios-sdk-rx" */ = {
			isa = XCRemoteSwiftPackageReference;
			repositoryURL = "https://github.com/kakao/kakao-ios-sdk-rx";
			requirement = {
				kind = upToNextMajorVersion;
				minimumVersion = 2.22.0;
			};
		};
		482B61192BB596CD00681097 /* XCRemoteSwiftPackageReference "SwiftKeychainWrapper" */ = {
			isa = XCRemoteSwiftPackageReference;
			repositoryURL = "https://github.com/jrendel/SwiftKeychainWrapper.git";
			requirement = {
				kind = upToNextMajorVersion;
				minimumVersion = 4.0.1;
			};
		};
		482B611C2BB598DC00681097 /* XCRemoteSwiftPackageReference "sentry-cocoa" */ = {
			isa = XCRemoteSwiftPackageReference;
			repositoryURL = "https://github.com/getsentry/sentry-cocoa.git";
			requirement = {
				kind = upToNextMajorVersion;
				minimumVersion = 8.22.4;
			};
		};
		482B611F2BB599B100681097 /* XCRemoteSwiftPackageReference "firebase-ios-sdk" */ = {
			isa = XCRemoteSwiftPackageReference;
			repositoryURL = "https://github.com/firebase/firebase-ios-sdk";
			requirement = {
				kind = upToNextMajorVersion;
				minimumVersion = 10.23.0;
			};
		};
/* End XCRemoteSwiftPackageReference section */

/* Begin XCSwiftPackageProductDependency section */
		482B60EE2BB58F3F00681097 /* Kingfisher */ = {
			isa = XCSwiftPackageProductDependency;
			package = 482B60ED2BB58F3F00681097 /* XCRemoteSwiftPackageReference "Kingfisher" */;
			productName = Kingfisher;
		};
		482B60F12BB58F6E00681097 /* SnapKit */ = {
			isa = XCSwiftPackageProductDependency;
			package = 482B60F02BB58F6E00681097 /* XCRemoteSwiftPackageReference "SnapKit" */;
			productName = SnapKit;
		};
		482B60F42BB58F9400681097 /* FSCalendar */ = {
			isa = XCSwiftPackageProductDependency;
			package = 482B60F32BB58F9400681097 /* XCRemoteSwiftPackageReference "FSCalendar" */;
			productName = FSCalendar;
		};
		482B60F72BB58FF000681097 /* PinLayout */ = {
			isa = XCSwiftPackageProductDependency;
			package = 482B60F62BB58FF000681097 /* XCRemoteSwiftPackageReference "PinLayout" */;
			productName = PinLayout;
		};
		482B60FA2BB5902A00681097 /* FlexLayout */ = {
			isa = XCSwiftPackageProductDependency;
			package = 482B60F92BB5902A00681097 /* XCRemoteSwiftPackageReference "FlexLayout" */;
			productName = FlexLayout;
		};
		482B60FD2BB5912E00681097 /* Moya */ = {
			isa = XCSwiftPackageProductDependency;
			package = 482B60FC2BB5912E00681097 /* XCRemoteSwiftPackageReference "Moya" */;
			productName = Moya;
		};
		482B60FF2BB5912E00681097 /* RxMoya */ = {
			isa = XCSwiftPackageProductDependency;
			package = 482B60FC2BB5912E00681097 /* XCRemoteSwiftPackageReference "Moya" */;
			productName = RxMoya;
		};
		482B61022BB591D600681097 /* Swinject */ = {
			isa = XCSwiftPackageProductDependency;
			package = 482B61012BB591D600681097 /* XCRemoteSwiftPackageReference "Swinject" */;
			productName = Swinject;
		};
		482B61052BB592D500681097 /* RxCocoa */ = {
			isa = XCSwiftPackageProductDependency;
			package = 482B61042BB592D500681097 /* XCRemoteSwiftPackageReference "RxSwift" */;
			productName = RxCocoa;
		};
		482B61072BB592D500681097 /* RxSwift */ = {
			isa = XCSwiftPackageProductDependency;
			package = 482B61042BB592D500681097 /* XCRemoteSwiftPackageReference "RxSwift" */;
			productName = RxSwift;
		};
		482B610A2BB5931200681097 /* ReactorKit */ = {
			isa = XCSwiftPackageProductDependency;
			package = 482B61092BB5931200681097 /* XCRemoteSwiftPackageReference "ReactorKit" */;
			productName = ReactorKit;
		};
		482B610D2BB5940500681097 /* GoogleSignIn */ = {
			isa = XCSwiftPackageProductDependency;
			package = 482B610C2BB5940500681097 /* XCRemoteSwiftPackageReference "GoogleSignIn-iOS" */;
			productName = GoogleSignIn;
		};
		482B61102BB5956D00681097 /* KakaoSDKAuth */ = {
			isa = XCSwiftPackageProductDependency;
			package = 482B610F2BB5956D00681097 /* XCRemoteSwiftPackageReference "kakao-ios-sdk" */;
			productName = KakaoSDKAuth;
		};
		482B61122BB5956D00681097 /* KakaoSDKUser */ = {
			isa = XCSwiftPackageProductDependency;
			package = 482B610F2BB5956D00681097 /* XCRemoteSwiftPackageReference "kakao-ios-sdk" */;
			productName = KakaoSDKUser;
		};
		482B61152BB5957F00681097 /* RxKakaoSDKAuth */ = {
			isa = XCSwiftPackageProductDependency;
			package = 482B61142BB5957E00681097 /* XCRemoteSwiftPackageReference "kakao-ios-sdk-rx" */;
			productName = RxKakaoSDKAuth;
		};
		482B61172BB5957F00681097 /* RxKakaoSDKUser */ = {
			isa = XCSwiftPackageProductDependency;
			package = 482B61142BB5957E00681097 /* XCRemoteSwiftPackageReference "kakao-ios-sdk-rx" */;
			productName = RxKakaoSDKUser;
		};
		482B611A2BB596CD00681097 /* SwiftKeychainWrapper */ = {
			isa = XCSwiftPackageProductDependency;
			package = 482B61192BB596CD00681097 /* XCRemoteSwiftPackageReference "SwiftKeychainWrapper" */;
			productName = SwiftKeychainWrapper;
		};
		482B611D2BB598DD00681097 /* Sentry */ = {
			isa = XCSwiftPackageProductDependency;
			package = 482B611C2BB598DC00681097 /* XCRemoteSwiftPackageReference "sentry-cocoa" */;
			productName = Sentry;
		};
		482B61202BB599B100681097 /* FirebaseAnalytics */ = {
			isa = XCSwiftPackageProductDependency;
			package = 482B611F2BB599B100681097 /* XCRemoteSwiftPackageReference "firebase-ios-sdk" */;
			productName = FirebaseAnalytics;
		};
		482B61222BB599B100681097 /* FirebaseCrashlytics */ = {
			isa = XCSwiftPackageProductDependency;
			package = 482B611F2BB599B100681097 /* XCRemoteSwiftPackageReference "firebase-ios-sdk" */;
			productName = FirebaseCrashlytics;
		};
/* End XCSwiftPackageProductDependency section */
	};
	rootObject = BE36CF822BAFF5890017F94E /* Project object */;
}
